// !$*UTF8*$!
{
	archiveVersion = 1;
	classes = {
	};
	objectVersion = 51;
	objects = {

/* Begin PBXBuildFile section */
		30C138FB23816562008D5EA9 /* AppDelegate.swift in Sources */ = {isa = PBXBuildFile; fileRef = 30C138FA23816562008D5EA9 /* AppDelegate.swift */; };
		30C138FD23816562008D5EA9 /* SceneDelegate.swift in Sources */ = {isa = PBXBuildFile; fileRef = 30C138FC23816562008D5EA9 /* SceneDelegate.swift */; };
		30C138FF23816562008D5EA9 /* ContentView.swift in Sources */ = {isa = PBXBuildFile; fileRef = 30C138FE23816562008D5EA9 /* ContentView.swift */; };
		30C1390123816564008D5EA9 /* Assets.xcassets in Resources */ = {isa = PBXBuildFile; fileRef = 30C1390023816564008D5EA9 /* Assets.xcassets */; };
		30C1390423816564008D5EA9 /* Preview Assets.xcassets in Resources */ = {isa = PBXBuildFile; fileRef = 30C1390323816564008D5EA9 /* Preview Assets.xcassets */; };
		30C1390723816564008D5EA9 /* LaunchScreen.storyboard in Resources */ = {isa = PBXBuildFile; fileRef = 30C1390523816564008D5EA9 /* LaunchScreen.storyboard */; };
		E33792BF0CFEC284B6B383BA /* Pods_Ahobsu.framework in Frameworks */ = {isa = PBXBuildFile; fileRef = 927441C954C4A1B46B3AF802 /* Pods_Ahobsu.framework */; };
/* End PBXBuildFile section */

/* Begin PBXFileReference section */
		08913CA02B12464FC484D84E /* Pods-Ahobsu.debug.xcconfig */ = {isa = PBXFileReference; includeInIndex = 1; lastKnownFileType = text.xcconfig; name = "Pods-Ahobsu.debug.xcconfig"; path = "Target Support Files/Pods-Ahobsu/Pods-Ahobsu.debug.xcconfig"; sourceTree = "<group>"; };
		30C138F723816562008D5EA9 /* Ahobsu.app */ = {isa = PBXFileReference; explicitFileType = wrapper.application; includeInIndex = 0; path = Ahobsu.app; sourceTree = BUILT_PRODUCTS_DIR; };
		30C138FA23816562008D5EA9 /* AppDelegate.swift */ = {isa = PBXFileReference; lastKnownFileType = sourcecode.swift; path = AppDelegate.swift; sourceTree = "<group>"; };
		30C138FC23816562008D5EA9 /* SceneDelegate.swift */ = {isa = PBXFileReference; lastKnownFileType = sourcecode.swift; path = SceneDelegate.swift; sourceTree = "<group>"; };
		30C138FE23816562008D5EA9 /* ContentView.swift */ = {isa = PBXFileReference; lastKnownFileType = sourcecode.swift; path = ContentView.swift; sourceTree = "<group>"; };
		30C1390023816564008D5EA9 /* Assets.xcassets */ = {isa = PBXFileReference; lastKnownFileType = folder.assetcatalog; path = Assets.xcassets; sourceTree = "<group>"; };
		30C1390323816564008D5EA9 /* Preview Assets.xcassets */ = {isa = PBXFileReference; lastKnownFileType = folder.assetcatalog; path = "Preview Assets.xcassets"; sourceTree = "<group>"; };
		30C1390623816564008D5EA9 /* Base */ = {isa = PBXFileReference; lastKnownFileType = file.storyboard; name = Base; path = Base.lproj/LaunchScreen.storyboard; sourceTree = "<group>"; };
		30C1390823816564008D5EA9 /* Info.plist */ = {isa = PBXFileReference; lastKnownFileType = text.plist.xml; path = Info.plist; sourceTree = "<group>"; };
		927441C954C4A1B46B3AF802 /* Pods_Ahobsu.framework */ = {isa = PBXFileReference; explicitFileType = wrapper.framework; includeInIndex = 0; path = Pods_Ahobsu.framework; sourceTree = BUILT_PRODUCTS_DIR; };
		C91312CDCCC47762D2AC3736 /* Pods-Ahobsu.release.xcconfig */ = {isa = PBXFileReference; includeInIndex = 1; lastKnownFileType = text.xcconfig; name = "Pods-Ahobsu.release.xcconfig"; path = "Target Support Files/Pods-Ahobsu/Pods-Ahobsu.release.xcconfig"; sourceTree = "<group>"; };
/* End PBXFileReference section */

/* Begin PBXFrameworksBuildPhase section */
		30C138F423816562008D5EA9 /* Frameworks */ = {
			isa = PBXFrameworksBuildPhase;
			buildActionMask = 2147483647;
			files = (
				E33792BF0CFEC284B6B383BA /* Pods_Ahobsu.framework in Frameworks */,
			);
			runOnlyForDeploymentPostprocessing = 0;
		};
/* End PBXFrameworksBuildPhase section */

/* Begin PBXGroup section */
		30C138EE23816562008D5EA9 = {
			isa = PBXGroup;
			children = (
				30C138F923816562008D5EA9 /* Ahobsu */,
				30C138F823816562008D5EA9 /* Products */,
				E780C125017DAE8D01C87D1F /* Pods */,
				3284E047EF896BCF762B1A93 /* Frameworks */,
			);
			sourceTree = "<group>";
		};
		30C138F823816562008D5EA9 /* Products */ = {
			isa = PBXGroup;
			children = (
				30C138F723816562008D5EA9 /* Ahobsu.app */,
			);
			name = Products;
			sourceTree = "<group>";
		};
		30C138F923816562008D5EA9 /* Ahobsu */ = {
			isa = PBXGroup;
			children = (
				30C138FA23816562008D5EA9 /* AppDelegate.swift */,
				30C138FC23816562008D5EA9 /* SceneDelegate.swift */,
				30C138FE23816562008D5EA9 /* ContentView.swift */,
				30C1390023816564008D5EA9 /* Assets.xcassets */,
				30C1390523816564008D5EA9 /* LaunchScreen.storyboard */,
				30C1390823816564008D5EA9 /* Info.plist */,
				30C1390223816564008D5EA9 /* Preview Content */,
			);
			path = Ahobsu;
			sourceTree = "<group>";
		};
		30C1390223816564008D5EA9 /* Preview Content */ = {
			isa = PBXGroup;
			children = (
				30C1390323816564008D5EA9 /* Preview Assets.xcassets */,
			);
			path = "Preview Content";
			sourceTree = "<group>";
		};
		3284E047EF896BCF762B1A93 /* Frameworks */ = {
			isa = PBXGroup;
			children = (
				927441C954C4A1B46B3AF802 /* Pods_Ahobsu.framework */,
			);
			name = Frameworks;
			sourceTree = "<group>";
		};
		E780C125017DAE8D01C87D1F /* Pods */ = {
			isa = PBXGroup;
			children = (
				08913CA02B12464FC484D84E /* Pods-Ahobsu.debug.xcconfig */,
				C91312CDCCC47762D2AC3736 /* Pods-Ahobsu.release.xcconfig */,
			);
			path = Pods;
			sourceTree = "<group>";
		};
/* End PBXGroup section */

/* Begin PBXNativeTarget section */
		30C138F623816562008D5EA9 /* Ahobsu */ = {
			isa = PBXNativeTarget;
			buildConfigurationList = 30C1390B23816564008D5EA9 /* Build configuration list for PBXNativeTarget "Ahobsu" */;
			buildPhases = (
				4288A46051FB0281D9532C32 /* [CP] Check Pods Manifest.lock */,
				30C1390E238166C5008D5EA9 /* SwiftLint */,
				30C138F323816562008D5EA9 /* Sources */,
				30C138F423816562008D5EA9 /* Frameworks */,
				30C138F523816562008D5EA9 /* Resources */,
				26AA5F46CB3099840E95A66F /* [CP] Embed Pods Frameworks */,
			);
			buildRules = (
			);
			dependencies = (
			);
			name = Ahobsu;
			productName = Ahobsu;
			productReference = 30C138F723816562008D5EA9 /* Ahobsu.app */;
			productType = "com.apple.product-type.application";
		};
/* End PBXNativeTarget section */

/* Begin PBXProject section */
		30C138EF23816562008D5EA9 /* Project object */ = {
			isa = PBXProject;
			attributes = {
				LastSwiftUpdateCheck = 1120;
				LastUpgradeCheck = 1120;
				ORGANIZATIONNAME = ahobsu;
				TargetAttributes = {
					30C138F623816562008D5EA9 = {
						CreatedOnToolsVersion = 11.2;
					};
				};
			};
			buildConfigurationList = 30C138F223816562008D5EA9 /* Build configuration list for PBXProject "Ahobsu" */;
			compatibilityVersion = "Xcode 9.3";
			developmentRegion = en;
			hasScannedForEncodings = 0;
			knownRegions = (
				en,
				Base,
			);
			mainGroup = 30C138EE23816562008D5EA9;
			productRefGroup = 30C138F823816562008D5EA9 /* Products */;
			projectDirPath = "";
			projectRoot = "";
			targets = (
				30C138F623816562008D5EA9 /* Ahobsu */,
			);
		};
/* End PBXProject section */

/* Begin PBXResourcesBuildPhase section */
		30C138F523816562008D5EA9 /* Resources */ = {
			isa = PBXResourcesBuildPhase;
			buildActionMask = 2147483647;
			files = (
				30C1390723816564008D5EA9 /* LaunchScreen.storyboard in Resources */,
				30C1390423816564008D5EA9 /* Preview Assets.xcassets in Resources */,
				30C1390123816564008D5EA9 /* Assets.xcassets in Resources */,
			);
			runOnlyForDeploymentPostprocessing = 0;
		};
/* End PBXResourcesBuildPhase section */

/* Begin PBXShellScriptBuildPhase section */
		26AA5F46CB3099840E95A66F /* [CP] Embed Pods Frameworks */ = {
			isa = PBXShellScriptBuildPhase;
			buildActionMask = 2147483647;
			files = (
			);
			inputFileListPaths = (
				"${PODS_ROOT}/Target Support Files/Pods-Ahobsu/Pods-Ahobsu-frameworks-${CONFIGURATION}-input-files.xcfilelist",
			);
			name = "[CP] Embed Pods Frameworks";
			outputFileListPaths = (
				"${PODS_ROOT}/Target Support Files/Pods-Ahobsu/Pods-Ahobsu-frameworks-${CONFIGURATION}-output-files.xcfilelist",
			);
			runOnlyForDeploymentPostprocessing = 0;
			shellPath = /bin/sh;
			shellScript = "\"${PODS_ROOT}/Target Support Files/Pods-Ahobsu/Pods-Ahobsu-frameworks.sh\"\n";
			showEnvVarsInLog = 0;
		};
		30C1390E238166C5008D5EA9 /* SwiftLint */ = {
			isa = PBXShellScriptBuildPhase;
			buildActionMask = 2147483647;
			files = (
			);
			inputFileListPaths = (
			);
			inputPaths = (
			);
			name = SwiftLint;
			outputFileListPaths = (
			);
			outputPaths = (
			);
			runOnlyForDeploymentPostprocessing = 0;
			shellPath = /bin/sh;
			shellScript = "if which swiftlint >/dev/null; then\n  swiftlint\nelse\n  echo \"warning: SwiftLint not installed, download from https://github.com/realm/SwiftLint\"\nfi\n";
		};
		4288A46051FB0281D9532C32 /* [CP] Check Pods Manifest.lock */ = {
			isa = PBXShellScriptBuildPhase;
			buildActionMask = 2147483647;
			files = (
			);
			inputFileListPaths = (
			);
			inputPaths = (
				"${PODS_PODFILE_DIR_PATH}/Podfile.lock",
				"${PODS_ROOT}/Manifest.lock",
			);
			name = "[CP] Check Pods Manifest.lock";
			outputFileListPaths = (
			);
			outputPaths = (
				"$(DERIVED_FILE_DIR)/Pods-Ahobsu-checkManifestLockResult.txt",
			);
			runOnlyForDeploymentPostprocessing = 0;
			shellPath = /bin/sh;
			shellScript = "diff \"${PODS_PODFILE_DIR_PATH}/Podfile.lock\" \"${PODS_ROOT}/Manifest.lock\" > /dev/null\nif [ $? != 0 ] ; then\n    # print error to STDERR\n    echo \"error: The sandbox is not in sync with the Podfile.lock. Run 'pod install' or update your CocoaPods installation.\" >&2\n    exit 1\nfi\n# This output is used by Xcode 'outputs' to avoid re-running this script phase.\necho \"SUCCESS\" > \"${SCRIPT_OUTPUT_FILE_0}\"\n";
			showEnvVarsInLog = 0;
		};
/* End PBXShellScriptBuildPhase section */

/* Begin PBXSourcesBuildPhase section */
		30C138F323816562008D5EA9 /* Sources */ = {
			isa = PBXSourcesBuildPhase;
			buildActionMask = 2147483647;
			files = (
				30C138FB23816562008D5EA9 /* AppDelegate.swift in Sources */,
				30C138FD23816562008D5EA9 /* SceneDelegate.swift in Sources */,
				30C138FF23816562008D5EA9 /* ContentView.swift in Sources */,
			);
			runOnlyForDeploymentPostprocessing = 0;
		};
/* End PBXSourcesBuildPhase section */

/* Begin PBXVariantGroup section */
		30C1390523816564008D5EA9 /* LaunchScreen.storyboard */ = {
			isa = PBXVariantGroup;
			children = (
				30C1390623816564008D5EA9 /* Base */,
			);
			name = LaunchScreen.storyboard;
			sourceTree = "<group>";
		};
/* End PBXVariantGroup section */

/* Begin XCBuildConfiguration section */
		30C1390923816564008D5EA9 /* Debug */ = {
			isa = XCBuildConfiguration;
			buildSettings = {
				ALWAYS_SEARCH_USER_PATHS = NO;
				CLANG_ANALYZER_NONNULL = YES;
				CLANG_ANALYZER_NUMBER_OBJECT_CONVERSION = YES_AGGRESSIVE;
				CLANG_CXX_LANGUAGE_STANDARD = "gnu++14";
				CLANG_CXX_LIBRARY = "libc++";
				CLANG_ENABLE_MODULES = YES;
				CLANG_ENABLE_OBJC_ARC = YES;
				CLANG_ENABLE_OBJC_WEAK = YES;
				CLANG_WARN_BLOCK_CAPTURE_AUTORELEASING = YES;
				CLANG_WARN_BOOL_CONVERSION = YES;
				CLANG_WARN_COMMA = YES;
				CLANG_WARN_CONSTANT_CONVERSION = YES;
				CLANG_WARN_DEPRECATED_OBJC_IMPLEMENTATIONS = YES;
				CLANG_WARN_DIRECT_OBJC_ISA_USAGE = YES_ERROR;
				CLANG_WARN_DOCUMENTATION_COMMENTS = YES;
				CLANG_WARN_EMPTY_BODY = YES;
				CLANG_WARN_ENUM_CONVERSION = YES;
				CLANG_WARN_INFINITE_RECURSION = YES;
				CLANG_WARN_INT_CONVERSION = YES;
				CLANG_WARN_NON_LITERAL_NULL_CONVERSION = YES;
				CLANG_WARN_OBJC_IMPLICIT_RETAIN_SELF = YES;
				CLANG_WARN_OBJC_LITERAL_CONVERSION = YES;
				CLANG_WARN_OBJC_ROOT_CLASS = YES_ERROR;
				CLANG_WARN_RANGE_LOOP_ANALYSIS = YES;
				CLANG_WARN_STRICT_PROTOTYPES = YES;
				CLANG_WARN_SUSPICIOUS_MOVE = YES;
				CLANG_WARN_UNGUARDED_AVAILABILITY = YES_AGGRESSIVE;
				CLANG_WARN_UNREACHABLE_CODE = YES;
				CLANG_WARN__DUPLICATE_METHOD_MATCH = YES;
				COPY_PHASE_STRIP = NO;
				DEBUG_INFORMATION_FORMAT = dwarf;
				ENABLE_STRICT_OBJC_MSGSEND = YES;
				ENABLE_TESTABILITY = YES;
				GCC_C_LANGUAGE_STANDARD = gnu11;
				GCC_DYNAMIC_NO_PIC = NO;
				GCC_NO_COMMON_BLOCKS = YES;
				GCC_OPTIMIZATION_LEVEL = 0;
				GCC_PREPROCESSOR_DEFINITIONS = (
					"DEBUG=1",
					"$(inherited)",
				);
				GCC_WARN_64_TO_32_BIT_CONVERSION = YES;
				GCC_WARN_ABOUT_RETURN_TYPE = YES_ERROR;
				GCC_WARN_UNDECLARED_SELECTOR = YES;
				GCC_WARN_UNINITIALIZED_AUTOS = YES_AGGRESSIVE;
				GCC_WARN_UNUSED_FUNCTION = YES;
				GCC_WARN_UNUSED_VARIABLE = YES;
				IPHONEOS_DEPLOYMENT_TARGET = 13.2;
				MTL_ENABLE_DEBUG_INFO = INCLUDE_SOURCE;
				MTL_FAST_MATH = YES;
				ONLY_ACTIVE_ARCH = YES;
				SDKROOT = iphoneos;
				SWIFT_ACTIVE_COMPILATION_CONDITIONS = DEBUG;
				SWIFT_OPTIMIZATION_LEVEL = "-Onone";
			};
			name = Debug;
		};
		30C1390A23816564008D5EA9 /* Release */ = {
			isa = XCBuildConfiguration;
			buildSettings = {
				ALWAYS_SEARCH_USER_PATHS = NO;
				CLANG_ANALYZER_NONNULL = YES;
				CLANG_ANALYZER_NUMBER_OBJECT_CONVERSION = YES_AGGRESSIVE;
				CLANG_CXX_LANGUAGE_STANDARD = "gnu++14";
				CLANG_CXX_LIBRARY = "libc++";
				CLANG_ENABLE_MODULES = YES;
				CLANG_ENABLE_OBJC_ARC = YES;
				CLANG_ENABLE_OBJC_WEAK = YES;
				CLANG_WARN_BLOCK_CAPTURE_AUTORELEASING = YES;
				CLANG_WARN_BOOL_CONVERSION = YES;
				CLANG_WARN_COMMA = YES;
				CLANG_WARN_CONSTANT_CONVERSION = YES;
				CLANG_WARN_DEPRECATED_OBJC_IMPLEMENTATIONS = YES;
				CLANG_WARN_DIRECT_OBJC_ISA_USAGE = YES_ERROR;
				CLANG_WARN_DOCUMENTATION_COMMENTS = YES;
				CLANG_WARN_EMPTY_BODY = YES;
				CLANG_WARN_ENUM_CONVERSION = YES;
				CLANG_WARN_INFINITE_RECURSION = YES;
				CLANG_WARN_INT_CONVERSION = YES;
				CLANG_WARN_NON_LITERAL_NULL_CONVERSION = YES;
				CLANG_WARN_OBJC_IMPLICIT_RETAIN_SELF = YES;
				CLANG_WARN_OBJC_LITERAL_CONVERSION = YES;
				CLANG_WARN_OBJC_ROOT_CLASS = YES_ERROR;
				CLANG_WARN_RANGE_LOOP_ANALYSIS = YES;
				CLANG_WARN_STRICT_PROTOTYPES = YES;
				CLANG_WARN_SUSPICIOUS_MOVE = YES;
				CLANG_WARN_UNGUARDED_AVAILABILITY = YES_AGGRESSIVE;
				CLANG_WARN_UNREACHABLE_CODE = YES;
				CLANG_WARN__DUPLICATE_METHOD_MATCH = YES;
				COPY_PHASE_STRIP = NO;
				DEBUG_INFORMATION_FORMAT = "dwarf-with-dsym";
				ENABLE_NS_ASSERTIONS = NO;
				ENABLE_STRICT_OBJC_MSGSEND = YES;
				GCC_C_LANGUAGE_STANDARD = gnu11;
				GCC_NO_COMMON_BLOCKS = YES;
				GCC_WARN_64_TO_32_BIT_CONVERSION = YES;
				GCC_WARN_ABOUT_RETURN_TYPE = YES_ERROR;
				GCC_WARN_UNDECLARED_SELECTOR = YES;
				GCC_WARN_UNINITIALIZED_AUTOS = YES_AGGRESSIVE;
				GCC_WARN_UNUSED_FUNCTION = YES;
				GCC_WARN_UNUSED_VARIABLE = YES;
				IPHONEOS_DEPLOYMENT_TARGET = 13.2;
				MTL_ENABLE_DEBUG_INFO = NO;
				MTL_FAST_MATH = YES;
				SDKROOT = iphoneos;
				SWIFT_COMPILATION_MODE = wholemodule;
				SWIFT_OPTIMIZATION_LEVEL = "-O";
				VALIDATE_PRODUCT = YES;
			};
			name = Release;
		};
		30C1390C23816564008D5EA9 /* Debug */ = {
			isa = XCBuildConfiguration;
			baseConfigurationReference = 08913CA02B12464FC484D84E /* Pods-Ahobsu.debug.xcconfig */;
			buildSettings = {
				ASSETCATALOG_COMPILER_APPICON_NAME = AppIcon;
				CODE_SIGN_IDENTITY = "iPhone Developer";
				CODE_SIGN_STYLE = Manual;
				DEVELOPMENT_ASSET_PATHS = "\"Ahobsu/Preview Content\"";
				DEVELOPMENT_TEAM = 4Y9G8Z76XC;
				ENABLE_PREVIEWS = YES;
				INFOPLIST_FILE = Ahobsu/Info.plist;
				IPHONEOS_DEPLOYMENT_TARGET = 13.0;
				LD_RUNPATH_SEARCH_PATHS = (
					"$(inherited)",
					"@executable_path/Frameworks",
				);
				PRODUCT_BUNDLE_IDENTIFIER = com.mashup.ahobsu.Ahobsu;
				PRODUCT_NAME = "$(TARGET_NAME)";
				PROVISIONING_PROFILE_SPECIFIER = AhobsuDevelopment;
				SWIFT_VERSION = 5.0;
				TARGETED_DEVICE_FAMILY = 1;
			};
			name = Debug;
		};
		30C1390D23816564008D5EA9 /* Release */ = {
			isa = XCBuildConfiguration;
			baseConfigurationReference = C91312CDCCC47762D2AC3736 /* Pods-Ahobsu.release.xcconfig */;
			buildSettings = {
				ASSETCATALOG_COMPILER_APPICON_NAME = AppIcon;
				CODE_SIGN_IDENTITY = "iPhone Developer";
				CODE_SIGN_STYLE = Manual;
				DEVELOPMENT_ASSET_PATHS = "\"Ahobsu/Preview Content\"";
				DEVELOPMENT_TEAM = 4Y9G8Z76XC;
				ENABLE_PREVIEWS = YES;
				INFOPLIST_FILE = Ahobsu/Info.plist;
				IPHONEOS_DEPLOYMENT_TARGET = 13.0;
				LD_RUNPATH_SEARCH_PATHS = (
					"$(inherited)",
					"@executable_path/Frameworks",
				);
				PRODUCT_BUNDLE_IDENTIFIER = com.mashup.ahobsu.Ahobsu;
				PRODUCT_NAME = "$(TARGET_NAME)";
				PROVISIONING_PROFILE_SPECIFIER = AhobsuDevelopment;
				SWIFT_VERSION = 5.0;
				TARGETED_DEVICE_FAMILY = 1;
			};
			name = Release;
		};
/* End XCBuildConfiguration section */

/* Begin XCConfigurationList section */
		30C138F223816562008D5EA9 /* Build configuration list for PBXProject "Ahobsu" */ = {
			isa = XCConfigurationList;
			buildConfigurations = (
				30C1390923816564008D5EA9 /* Debug */,
				30C1390A23816564008D5EA9 /* Release */,
			);
			defaultConfigurationIsVisible = 0;
			defaultConfigurationName = Release;
		};
		30C1390B23816564008D5EA9 /* Build configuration list for PBXNativeTarget "Ahobsu" */ = {
			isa = XCConfigurationList;
			buildConfigurations = (
				30C1390C23816564008D5EA9 /* Debug */,
				30C1390D23816564008D5EA9 /* Release */,
			);
			defaultConfigurationIsVisible = 0;
			defaultConfigurationName = Release;
		};
/* End XCConfigurationList section */
	};
	rootObject = 30C138EF23816562008D5EA9 /* Project object */;
}
