// !$*UTF8*$!
{
	archiveVersion = 1;
	classes = {
	};
	objectVersion = 51;
	objects = {

/* Begin PBXBuildFile section */
		08952E7F3061C2AC361F20FCFA8C7366 /* AhobsuProvider.swift in Sources */ = {isa = PBXBuildFile; fileRef = 41059AB509DA80DB01EDA562BC0360B1 /* AhobsuProvider.swift */; };
		165392407EB7A49B42869C37B8D7CE37 /* SceneDelegate.swift in Sources */ = {isa = PBXBuildFile; fileRef = CE740228C6DE68584B06569CEAB9BA2E /* SceneDelegate.swift */; };
		16A2863755DCB8DC9E54F9CDA1E5F6E1 /* MotiView.swift in Sources */ = {isa = PBXBuildFile; fileRef = 7533D079041E515F6A87A4581673A1F5 /* MotiView.swift */; };
		20A553E9B441D4F59C7AA0944E1DFF21 /* Pods_Ahobsu.framework in Frameworks */ = {isa = PBXBuildFile; fileRef = 8B318F323C0BBFF5D27473F9B4EDF258 /* Pods_Ahobsu.framework */; };
		376FF994D287FEBC1F90A9013C74DFB0 /* ContentView.swift in Sources */ = {isa = PBXBuildFile; fileRef = FF2BFAEC7FF8A951992734590D2B7103 /* ContentView.swift */; };
		38390EE92CA3042159C07B381F522900 /* AhobsuAPIConfig.swift in Sources */ = {isa = PBXBuildFile; fileRef = 65FC12FC50520F836F645BDBCD11824A /* AhobsuAPIConfig.swift */; };
		421DAF9910B866FFA92A4B3A15AE7363 /* SignInView.swift in Sources */ = {isa = PBXBuildFile; fileRef = FB4987F6E8EA0C59E5C0CA5A7A59983A /* SignInView.swift */; };
		44F2E1D550E4FF2ADF847411A350A7C7 /* SelectQuestionView.swift in Sources */ = {isa = PBXBuildFile; fileRef = 8EAF573C9A21D8D15953EC091F9C0DC6 /* SelectQuestionView.swift */; };
		549FCCECAA918667E1EC72B0793D05BB /* AhobsuAPI.swift in Sources */ = {isa = PBXBuildFile; fileRef = F6604388EE3BAD2E422FACA60EF1E4B2 /* AhobsuAPI.swift */; };
		64FE5CF66B309F8418380181F0A5934A /* SplashView.swift in Sources */ = {isa = PBXBuildFile; fileRef = 76FB4F20C45286493E15009B6327D051 /* SplashView.swift */; };
		66B1CA6F45A8D130B036A0187A429B50 /* SignUpCompleteView.swift in Sources */ = {isa = PBXBuildFile; fileRef = 6BF71808CFE508C7E5154630E7FC5EB1 /* SignUpCompleteView.swift */; };
		671A07ABE4FE57E246E43418DCBDC678 /* SignUpGenderView.swift in Sources */ = {isa = PBXBuildFile; fileRef = 3E1A3A2FEAC368D6B24824233D076E03 /* SignUpGenderView.swift */; };
		6DB5C050502688D046EB67A882CDF2E1 /* Networking.swift in Sources */ = {isa = PBXBuildFile; fileRef = 627D69417FFDB9370F8C58945F570844 /* Networking.swift */; };
		7E3455A7569DCD0CC3486CD80B5A52BF /* AppDelegate.swift in Sources */ = {isa = PBXBuildFile; fileRef = F4F11E5D82B9C02B99FC6A13568AEC9C /* AppDelegate.swift */; };
		92C69078716DD61B3BCEEAC9964A53FF /* QuestionCellView.swift in Sources */ = {isa = PBXBuildFile; fileRef = 9312E6E13FDD809B9878C356F45D4FE2 /* QuestionCellView.swift */; };
		9C548CBDE7AA785D1724C0C7DB9D32B7 /* WeekDayCellView.swift in Sources */ = {isa = PBXBuildFile; fileRef = 19BF2E2E3FA482F047B2AC8D68932F5D /* WeekDayCellView.swift */; };
		A99F9A73626BDEAF6CFCD7254D588FC4 /* MainView.swift in Sources */ = {isa = PBXBuildFile; fileRef = 1F7B197A7D3FAB51A67733FDCBFF4707 /* MainView.swift */; };
		ABD1EE642D88127AC2FE4A401026061F /* DayWeekView.swift in Sources */ = {isa = PBXBuildFile; fileRef = 44FBD488A53A5E601686FB7BC04E6F0C /* DayWeekView.swift */; };
		CE4BEEFCC96FA4C2E8F72EF7377C07C2 /* AnswerComplete.swift in Sources */ = {isa = PBXBuildFile; fileRef = 9ADC46C8F206284B8A176CED21E8DA18 /* AnswerComplete.swift */; };
		D82223B8B860A96464BE927F35260501 /* SignUpBirthdateView.swift in Sources */ = {isa = PBXBuildFile; fileRef = 576C7D8038A2A713A6EFAD135490FA85 /* SignUpBirthdateView.swift */; };
		E2B0A042481FA34EAEF4E86C8A8C0DDC /* SignUpNickNameView.swift in Sources */ = {isa = PBXBuildFile; fileRef = 175DADD9D7F3AF35CE5A6EB186D60F18 /* SignUpNickNameView.swift */; };
		F87C78B1BFD42D9039D0DA8332F78EB3 /* SignUpFormView.swift in Sources */ = {isa = PBXBuildFile; fileRef = F2342E0AF7C9A532B7236C864A992BD2 /* SignUpFormView.swift */; };
/* End PBXBuildFile section */

/* Begin PBXFileReference section */
		175DADD9D7F3AF35CE5A6EB186D60F18 /* SignUpNickNameView.swift */ = {isa = PBXFileReference; lastKnownFileType = sourcecode.swift; path = SignUpNickNameView.swift; sourceTree = "<group>"; };
		19BF2E2E3FA482F047B2AC8D68932F5D /* WeekDayCellView.swift */ = {isa = PBXFileReference; lastKnownFileType = sourcecode.swift; path = WeekDayCellView.swift; sourceTree = "<group>"; };
		1F7B197A7D3FAB51A67733FDCBFF4707 /* MainView.swift */ = {isa = PBXFileReference; lastKnownFileType = sourcecode.swift; path = MainView.swift; sourceTree = "<group>"; };
		33B381A7D849809F928F2EE7082BD6A3 /* Assets.xcassets */ = {isa = PBXFileReference; lastKnownFileType = folder.assetcatalog; path = Assets.xcassets; sourceTree = "<group>"; };
		3E1A3A2FEAC368D6B24824233D076E03 /* SignUpGenderView.swift */ = {isa = PBXFileReference; lastKnownFileType = sourcecode.swift; path = SignUpGenderView.swift; sourceTree = "<group>"; };
		41059AB509DA80DB01EDA562BC0360B1 /* AhobsuProvider.swift */ = {isa = PBXFileReference; fileEncoding = 4; lastKnownFileType = sourcecode.swift; path = AhobsuProvider.swift; sourceTree = "<group>"; };
		44FBD488A53A5E601686FB7BC04E6F0C /* DayWeekView.swift */ = {isa = PBXFileReference; lastKnownFileType = sourcecode.swift; path = DayWeekView.swift; sourceTree = "<group>"; };
		576C7D8038A2A713A6EFAD135490FA85 /* SignUpBirthdateView.swift */ = {isa = PBXFileReference; lastKnownFileType = sourcecode.swift; path = SignUpBirthdateView.swift; sourceTree = "<group>"; };
		5B13E28C770E8380BE074D49155B5613 /* Pods-Ahobsu.debug.xcconfig */ = {isa = PBXFileReference; includeInIndex = 1; lastKnownFileType = text.xcconfig; name = "Pods-Ahobsu.debug.xcconfig"; path = "Target Support Files/Pods-Ahobsu/Pods-Ahobsu.debug.xcconfig"; sourceTree = "<group>"; };
		627D69417FFDB9370F8C58945F570844 /* Networking.swift */ = {isa = PBXFileReference; fileEncoding = 4; lastKnownFileType = sourcecode.swift; path = Networking.swift; sourceTree = "<group>"; };
		65FC12FC50520F836F645BDBCD11824A /* AhobsuAPIConfig.swift */ = {isa = PBXFileReference; fileEncoding = 4; lastKnownFileType = sourcecode.swift; path = AhobsuAPIConfig.swift; sourceTree = "<group>"; };
		6BF71808CFE508C7E5154630E7FC5EB1 /* SignUpCompleteView.swift */ = {isa = PBXFileReference; lastKnownFileType = sourcecode.swift; path = SignUpCompleteView.swift; sourceTree = "<group>"; };
		7533D079041E515F6A87A4581673A1F5 /* MotiView.swift */ = {isa = PBXFileReference; lastKnownFileType = sourcecode.swift; path = MotiView.swift; sourceTree = "<group>"; };
		76FB4F20C45286493E15009B6327D051 /* SplashView.swift */ = {isa = PBXFileReference; lastKnownFileType = sourcecode.swift; path = SplashView.swift; sourceTree = "<group>"; };
		89547C729FE9693E0BC39DFB3A317506 /* Base */ = {isa = PBXFileReference; lastKnownFileType = file.storyboard; name = Base; path = Base.lproj/LaunchScreen.storyboard; sourceTree = "<group>"; };
		8B318F323C0BBFF5D27473F9B4EDF258 /* Pods_Ahobsu.framework */ = {isa = PBXFileReference; explicitFileType = wrapper.framework; includeInIndex = 0; path = Pods_Ahobsu.framework; sourceTree = BUILT_PRODUCTS_DIR; };
		8EAF573C9A21D8D15953EC091F9C0DC6 /* SelectQuestionView.swift */ = {isa = PBXFileReference; lastKnownFileType = sourcecode.swift; path = SelectQuestionView.swift; sourceTree = "<group>"; };
		9312E6E13FDD809B9878C356F45D4FE2 /* QuestionCellView.swift */ = {isa = PBXFileReference; lastKnownFileType = sourcecode.swift; path = QuestionCellView.swift; sourceTree = "<group>"; };
		9A1F8CD740348BE97C508C37D55A3BE5 /* Info.plist */ = {isa = PBXFileReference; lastKnownFileType = text.plist.xml; path = Info.plist; sourceTree = "<group>"; };
		9ADC46C8F206284B8A176CED21E8DA18 /* AnswerComplete.swift */ = {isa = PBXFileReference; fileEncoding = 4; lastKnownFileType = sourcecode.swift; path = AnswerComplete.swift; sourceTree = "<group>"; };
		A5522BA54F90499741CB425243D12D45 /* Preview Assets.xcassets */ = {isa = PBXFileReference; lastKnownFileType = folder.assetcatalog; path = "Preview Assets.xcassets"; sourceTree = "<group>"; };
		B8E4CC0B7379D25F5D9717CE42858EDF /* Ahobsu.app */ = {isa = PBXFileReference; explicitFileType = wrapper.application; includeInIndex = 0; path = Ahobsu.app; sourceTree = BUILT_PRODUCTS_DIR; };
		CE740228C6DE68584B06569CEAB9BA2E /* SceneDelegate.swift */ = {isa = PBXFileReference; lastKnownFileType = sourcecode.swift; path = SceneDelegate.swift; sourceTree = "<group>"; };
		E73EA17769B99BE87F2196F43866386B /* Pods-Ahobsu.release.xcconfig */ = {isa = PBXFileReference; includeInIndex = 1; lastKnownFileType = text.xcconfig; name = "Pods-Ahobsu.release.xcconfig"; path = "Target Support Files/Pods-Ahobsu/Pods-Ahobsu.release.xcconfig"; sourceTree = "<group>"; };
		F2342E0AF7C9A532B7236C864A992BD2 /* SignUpFormView.swift */ = {isa = PBXFileReference; lastKnownFileType = sourcecode.swift; path = SignUpFormView.swift; sourceTree = "<group>"; };
		F4F11E5D82B9C02B99FC6A13568AEC9C /* AppDelegate.swift */ = {isa = PBXFileReference; lastKnownFileType = sourcecode.swift; path = AppDelegate.swift; sourceTree = "<group>"; };
		F6604388EE3BAD2E422FACA60EF1E4B2 /* AhobsuAPI.swift */ = {isa = PBXFileReference; fileEncoding = 4; lastKnownFileType = sourcecode.swift; path = AhobsuAPI.swift; sourceTree = "<group>"; };
		FB4987F6E8EA0C59E5C0CA5A7A59983A /* SignInView.swift */ = {isa = PBXFileReference; lastKnownFileType = sourcecode.swift; name = SignInView.swift; path = Ahobsu/MoitViews/Sign/SignInView.swift; sourceTree = SOURCE_ROOT; };
		FF2BFAEC7FF8A951992734590D2B7103 /* ContentView.swift */ = {isa = PBXFileReference; lastKnownFileType = sourcecode.swift; path = ContentView.swift; sourceTree = "<group>"; };
/* End PBXFileReference section */

/* Begin PBXFrameworksBuildPhase section */
		19FD234B22B92982AF3D7DA637CF773B /* Frameworks */ = {
			isa = PBXFrameworksBuildPhase;
			buildActionMask = 2147483647;
			files = (
				20A553E9B441D4F59C7AA0944E1DFF21 /* Pods_Ahobsu.framework in Frameworks */,
			);
			runOnlyForDeploymentPostprocessing = 0;
		};
/* End PBXFrameworksBuildPhase section */

/* Begin PBXGroup section */
		0B524EB2B72357F2B05DBB4E88D416AC /* AnswerComplete */ = {
			isa = PBXGroup;
			children = (
				9ADC46C8F206284B8A176CED21E8DA18 /* AnswerComplete.swift */,
			);
			name = AnswerComplete;
			path = Ahobsu/MoitViews/AnswerComplete;
			sourceTree = SOURCE_ROOT;
		};
		568E177EC003E48646C8E36071191FEF /* AppLifeCycles */ = {
			isa = PBXGroup;
			children = (
				F4F11E5D82B9C02B99FC6A13568AEC9C /* AppDelegate.swift */,
				CE740228C6DE68584B06569CEAB9BA2E /* SceneDelegate.swift */,
			);
			path = AppLifeCycles;
			sourceTree = "<group>";
		};
		66B06056EC6306CB95E43D55EBB54D56 /* Products */ = {
			isa = PBXGroup;
			children = (
				B8E4CC0B7379D25F5D9717CE42858EDF /* Ahobsu.app */,
			);
			name = Products;
			sourceTree = "<group>";
		};
		6D299CD21F1DCBCD68F8D30E19D36BE4 /* Splash */ = {
			isa = PBXGroup;
			children = (
				76FB4F20C45286493E15009B6327D051 /* SplashView.swift */,
			);
			path = Splash;
			sourceTree = "<group>";
		};
		808AD775A1258F6539D357758F0C5D1D /* Pods */ = {
			isa = PBXGroup;
			children = (
				5B13E28C770E8380BE074D49155B5613 /* Pods-Ahobsu.debug.xcconfig */,
				E73EA17769B99BE87F2196F43866386B /* Pods-Ahobsu.release.xcconfig */,
			);
			path = Pods;
			sourceTree = "<group>";
		};
		8AEDA2C88CB721AE4BDEE232FCB84740 /* Frameworks */ = {
			isa = PBXGroup;
			children = (
				8B318F323C0BBFF5D27473F9B4EDF258 /* Pods_Ahobsu.framework */,
			);
			name = Frameworks;
			sourceTree = "<group>";
		};
		A250D367CCC8C95FE431D9E52CAA331D /* Ahobsu */ = {
			isa = PBXGroup;
			children = (
				568E177EC003E48646C8E36071191FEF /* AppLifeCycles */,
				EE810B349DEC4A45999182DF6FA41FDD /* MoitViews */,
				CEE4D77D1F9972D987DC8CF22F47216D /* Networking */,
				C27E00B235EE98C2DD84FFBB365FE2C3 /* Preview Content */,
				EDD3FADC122148DB4A77F0E30EEAFA50 /* Resource */,
				E42EA4060DBD550302CE3534D1AAE1D7 /* SupportingFiles */,
				FF2BFAEC7FF8A951992734590D2B7103 /* ContentView.swift */,
			);
			path = Ahobsu;
			sourceTree = "<group>";
		};
		A62810CAA7D65A56D6D5A88E6BD442E1 /* Sign */ = {
			isa = PBXGroup;
			children = (
				FB4987F6E8EA0C59E5C0CA5A7A59983A /* SignInView.swift */,
				576C7D8038A2A713A6EFAD135490FA85 /* SignUpBirthdateView.swift */,
				6BF71808CFE508C7E5154630E7FC5EB1 /* SignUpCompleteView.swift */,
				F2342E0AF7C9A532B7236C864A992BD2 /* SignUpFormView.swift */,
				3E1A3A2FEAC368D6B24824233D076E03 /* SignUpGenderView.swift */,
				175DADD9D7F3AF35CE5A6EB186D60F18 /* SignUpNickNameView.swift */,
			);
			path = Sign;
			sourceTree = "<group>";
		};
		B8833F95E768E819E4F8D0D22A1EB3FB /* Recovered References */ = {
			isa = PBXGroup;
			children = (
			);
			name = "Recovered References";
			sourceTree = "<group>";
		};
		BF13CD4DB3E3C96C0A9006F517893B60 = {
			isa = PBXGroup;
			children = (
				A250D367CCC8C95FE431D9E52CAA331D /* Ahobsu */,
				8AEDA2C88CB721AE4BDEE232FCB84740 /* Frameworks */,
				808AD775A1258F6539D357758F0C5D1D /* Pods */,
				66B06056EC6306CB95E43D55EBB54D56 /* Products */,
				B8833F95E768E819E4F8D0D22A1EB3FB /* Recovered References */,
			);
			sourceTree = "<group>";
		};
		C27E00B235EE98C2DD84FFBB365FE2C3 /* Preview Content */ = {
			isa = PBXGroup;
			children = (
				A5522BA54F90499741CB425243D12D45 /* Preview Assets.xcassets */,
			);
			path = "Preview Content";
			sourceTree = "<group>";
		};
		CEE4D77D1F9972D987DC8CF22F47216D /* Networking */ = {
			isa = PBXGroup;
			children = (
				F6604388EE3BAD2E422FACA60EF1E4B2 /* AhobsuAPI.swift */,
				65FC12FC50520F836F645BDBCD11824A /* AhobsuAPIConfig.swift */,
				41059AB509DA80DB01EDA562BC0360B1 /* AhobsuProvider.swift */,
				627D69417FFDB9370F8C58945F570844 /* Networking.swift */,
			);
			path = Networking;
			sourceTree = "<group>";
		};
		E42EA4060DBD550302CE3534D1AAE1D7 /* SupportingFiles */ = {
			isa = PBXGroup;
			children = (
				9A1F8CD740348BE97C508C37D55A3BE5 /* Info.plist */,
				442439CA50BE34489091510E78EB6EC5 /* LaunchScreen.storyboard */,
			);
			path = SupportingFiles;
			sourceTree = "<group>";
		};
		EDD3FADC122148DB4A77F0E30EEAFA50 /* Resource */ = {
			isa = PBXGroup;
			children = (
				33B381A7D849809F928F2EE7082BD6A3 /* Assets.xcassets */,
			);
			path = Resource;
			sourceTree = "<group>";
		};
		EE810B349DEC4A45999182DF6FA41FDD /* MoitViews */ = {
			isa = PBXGroup;
			children = (
				0B524EB2B72357F2B05DBB4E88D416AC /* AnswerComplete */,
				FC288B4DD68EDE4832E309448571D2EA /* Main */,
				A62810CAA7D65A56D6D5A88E6BD442E1 /* Sign */,
				6D299CD21F1DCBCD68F8D30E19D36BE4 /* Splash */,
			);
			path = MoitViews;
			sourceTree = "<group>";
		};
		FC288B4DD68EDE4832E309448571D2EA /* Main */ = {
			isa = PBXGroup;
			children = (
				44FBD488A53A5E601686FB7BC04E6F0C /* DayWeekView.swift */,
				1F7B197A7D3FAB51A67733FDCBFF4707 /* MainView.swift */,
				7533D079041E515F6A87A4581673A1F5 /* MotiView.swift */,
				9312E6E13FDD809B9878C356F45D4FE2 /* QuestionCellView.swift */,
				8EAF573C9A21D8D15953EC091F9C0DC6 /* SelectQuestionView.swift */,
				19BF2E2E3FA482F047B2AC8D68932F5D /* WeekDayCellView.swift */,
			);
			path = Main;
			sourceTree = "<group>";
		};
/* End PBXGroup section */

/* Begin PBXNativeTarget section */
		4E7EA0F79A1DA7C88EE130EF142163E1 /* Ahobsu */ = {
			isa = PBXNativeTarget;
			buildConfigurationList = 664E1020637360D6BFCE7533F1A0C351 /* Build configuration list for PBXNativeTarget "Ahobsu" */;
			buildPhases = (
				9A4B74D6A6847D4F4E37800781393737 /* [CP] Check Pods Manifest.lock */,
				D4313117CF8BEE3B814064544DE21499 /* SwiftLint AutoCorrect */,
				9FD54A6C1858EDB6CD735751C15700F1 /* SwiftLint */,
				B54ED29C05F8A79A24CCE41D0BD0EC17 /* Xunique */,
				EBB2A7C126D31D45C446FDBBE957F831 /* Sources */,
				19FD234B22B92982AF3D7DA637CF773B /* Frameworks */,
				4FA568E03DF54AAAD06064182D618C81 /* Resources */,
				21DF4C65FF65ECCEB7D801FCC5BA6251 /* [CP] Embed Pods Frameworks */,
			);
			buildRules = (
			);
			dependencies = (
			);
			name = Ahobsu;
			productName = Ahobsu;
			productReference = B8E4CC0B7379D25F5D9717CE42858EDF /* Ahobsu.app */;
			productType = "com.apple.product-type.application";
		};
/* End PBXNativeTarget section */

/* Begin PBXProject section */
		83359751FA69E37FDD96344B6366BD34 /* Project object */ = {
			isa = PBXProject;
			attributes = {
				LastSwiftUpdateCheck = 1120;
				LastUpgradeCheck = 1120;
				ORGANIZATIONNAME = ahobsu;
				TargetAttributes = {
					4E7EA0F79A1DA7C88EE130EF142163E1 = {
						CreatedOnToolsVersion = 11.2;
					};
				};
			};
			buildConfigurationList = F8E17EFD124FED810A2BA92A78E2A4A6 /* Build configuration list for PBXProject "Ahobsu" */;
			compatibilityVersion = "Xcode 9.3";
			developmentRegion = en;
			hasScannedForEncodings = 0;
			knownRegions = (
				en,
				Base,
			);
			mainGroup = BF13CD4DB3E3C96C0A9006F517893B60;
			productRefGroup = 66B06056EC6306CB95E43D55EBB54D56 /* Products */;
			projectDirPath = "";
			projectRoot = "";
			targets = (
				4E7EA0F79A1DA7C88EE130EF142163E1 /* Ahobsu */,
			);
		};
/* End PBXProject section */

/* Begin PBXResourcesBuildPhase section */
		4FA568E03DF54AAAD06064182D618C81 /* Resources */ = {
			isa = PBXResourcesBuildPhase;
			buildActionMask = 2147483647;
			files = (
			);
			runOnlyForDeploymentPostprocessing = 0;
		};
/* End PBXResourcesBuildPhase section */

/* Begin PBXShellScriptBuildPhase section */
		21DF4C65FF65ECCEB7D801FCC5BA6251 /* [CP] Embed Pods Frameworks */ = {
			isa = PBXShellScriptBuildPhase;
			buildActionMask = 2147483647;
			files = (
			);
			inputFileListPaths = (
				"${PODS_ROOT}/Target Support Files/Pods-Ahobsu/Pods-Ahobsu-frameworks-${CONFIGURATION}-input-files.xcfilelist",
			);
			name = "[CP] Embed Pods Frameworks";
			outputFileListPaths = (
				"${PODS_ROOT}/Target Support Files/Pods-Ahobsu/Pods-Ahobsu-frameworks-${CONFIGURATION}-output-files.xcfilelist",
			);
			runOnlyForDeploymentPostprocessing = 0;
			shellPath = /bin/sh;
			shellScript = "\"${PODS_ROOT}/Target Support Files/Pods-Ahobsu/Pods-Ahobsu-frameworks.sh\"\n";
			showEnvVarsInLog = 0;
		};
		9A4B74D6A6847D4F4E37800781393737 /* [CP] Check Pods Manifest.lock */ = {
			isa = PBXShellScriptBuildPhase;
			buildActionMask = 2147483647;
			files = (
			);
			inputFileListPaths = (
			);
			inputPaths = (
				"${PODS_PODFILE_DIR_PATH}/Podfile.lock",
				"${PODS_ROOT}/Manifest.lock",
			);
			name = "[CP] Check Pods Manifest.lock";
			outputFileListPaths = (
			);
			outputPaths = (
				"$(DERIVED_FILE_DIR)/Pods-Ahobsu-checkManifestLockResult.txt",
			);
			runOnlyForDeploymentPostprocessing = 0;
			shellPath = /bin/sh;
			shellScript = "diff \"${PODS_PODFILE_DIR_PATH}/Podfile.lock\" \"${PODS_ROOT}/Manifest.lock\" > /dev/null\nif [ $? != 0 ] ; then\n    # print error to STDERR\n    echo \"error: The sandbox is not in sync with the Podfile.lock. Run 'pod install' or update your CocoaPods installation.\" >&2\n    exit 1\nfi\n# This output is used by Xcode 'outputs' to avoid re-running this script phase.\necho \"SUCCESS\" > \"${SCRIPT_OUTPUT_FILE_0}\"\n";
			showEnvVarsInLog = 0;
		};
		9FD54A6C1858EDB6CD735751C15700F1 /* SwiftLint */ = {
			isa = PBXShellScriptBuildPhase;
			buildActionMask = 2147483647;
			files = (
			);
			inputFileListPaths = (
			);
			inputPaths = (
			);
			name = SwiftLint;
			outputFileListPaths = (
			);
			outputPaths = (
			);
			runOnlyForDeploymentPostprocessing = 0;
			shellPath = /bin/sh;
			shellScript = "if which swiftlint >/dev/null; then\n  swiftlint\nelse\n  echo \"warning: SwiftLint not installed, download from https://github.com/realm/SwiftLint\"\nfi\n";
		};
		B54ED29C05F8A79A24CCE41D0BD0EC17 /* Xunique */ = {
			isa = PBXShellScriptBuildPhase;
			buildActionMask = 2147483647;
			files = (
			);
			inputFileListPaths = (
			);
			inputPaths = (
			);
			name = Xunique;
			outputFileListPaths = (
			);
			outputPaths = (
			);
			runOnlyForDeploymentPostprocessing = 0;
			shellPath = /bin/sh;
			shellScript = "sh $SRCROOT/xuniqerun.sh\n";
		};
		D4313117CF8BEE3B814064544DE21499 /* SwiftLint AutoCorrect */ = {
			isa = PBXShellScriptBuildPhase;
			buildActionMask = 2147483647;
			files = (
			);
			inputFileListPaths = (
			);
			inputPaths = (
			);
			name = "SwiftLint AutoCorrect";
			outputFileListPaths = (
			);
			outputPaths = (
			);
			runOnlyForDeploymentPostprocessing = 0;
			shellPath = /bin/sh;
			shellScript = "if which swiftlint >/dev/null; then\nswiftlint autocorrect\nelse\necho \"warning: SwiftLint not installed, download from https://github.com/realm/SwiftLint\"\nfi\n";
		};
/* End PBXShellScriptBuildPhase section */

/* Begin PBXSourcesBuildPhase section */
		EBB2A7C126D31D45C446FDBBE957F831 /* Sources */ = {
			isa = PBXSourcesBuildPhase;
			buildActionMask = 2147483647;
			files = (
				549FCCECAA918667E1EC72B0793D05BB /* AhobsuAPI.swift in Sources */,
				38390EE92CA3042159C07B381F522900 /* AhobsuAPIConfig.swift in Sources */,
				08952E7F3061C2AC361F20FCFA8C7366 /* AhobsuProvider.swift in Sources */,
				CE4BEEFCC96FA4C2E8F72EF7377C07C2 /* AnswerComplete.swift in Sources */,
				7E3455A7569DCD0CC3486CD80B5A52BF /* AppDelegate.swift in Sources */,
				376FF994D287FEBC1F90A9013C74DFB0 /* ContentView.swift in Sources */,
				ABD1EE642D88127AC2FE4A401026061F /* DayWeekView.swift in Sources */,
				A99F9A73626BDEAF6CFCD7254D588FC4 /* MainView.swift in Sources */,
				16A2863755DCB8DC9E54F9CDA1E5F6E1 /* MotiView.swift in Sources */,
				6DB5C050502688D046EB67A882CDF2E1 /* Networking.swift in Sources */,
				92C69078716DD61B3BCEEAC9964A53FF /* QuestionCellView.swift in Sources */,
				165392407EB7A49B42869C37B8D7CE37 /* SceneDelegate.swift in Sources */,
				44F2E1D550E4FF2ADF847411A350A7C7 /* SelectQuestionView.swift in Sources */,
				421DAF9910B866FFA92A4B3A15AE7363 /* SignInView.swift in Sources */,
				D82223B8B860A96464BE927F35260501 /* SignUpBirthdateView.swift in Sources */,
				66B1CA6F45A8D130B036A0187A429B50 /* SignUpCompleteView.swift in Sources */,
				F87C78B1BFD42D9039D0DA8332F78EB3 /* SignUpFormView.swift in Sources */,
				671A07ABE4FE57E246E43418DCBDC678 /* SignUpGenderView.swift in Sources */,
				E2B0A042481FA34EAEF4E86C8A8C0DDC /* SignUpNickNameView.swift in Sources */,
				64FE5CF66B309F8418380181F0A5934A /* SplashView.swift in Sources */,
				9C548CBDE7AA785D1724C0C7DB9D32B7 /* WeekDayCellView.swift in Sources */,
			);
			runOnlyForDeploymentPostprocessing = 0;
		};
/* End PBXSourcesBuildPhase section */

/* Begin PBXVariantGroup section */
		442439CA50BE34489091510E78EB6EC5 /* LaunchScreen.storyboard */ = {
			isa = PBXVariantGroup;
			children = (
				89547C729FE9693E0BC39DFB3A317506 /* Base */,
			);
			name = LaunchScreen.storyboard;
			sourceTree = "<group>";
		};
/* End PBXVariantGroup section */

/* Begin XCBuildConfiguration section */
		07864B81A2E64EE66E994A3DBC729A41 /* Debug */ = {
			isa = XCBuildConfiguration;
			baseConfigurationReference = 5B13E28C770E8380BE074D49155B5613 /* Pods-Ahobsu.debug.xcconfig */;
			buildSettings = {
				ASSETCATALOG_COMPILER_APPICON_NAME = AppIcon;
				CODE_SIGN_IDENTITY = "iPhone Developer";
				CODE_SIGN_STYLE = Manual;
				DEVELOPMENT_ASSET_PATHS = "\"Ahobsu/Preview Content\"";
				DEVELOPMENT_TEAM = 4Y9G8Z76XC;
				ENABLE_PREVIEWS = YES;
				INFOPLIST_FILE = "$(SRCROOT)/Ahobsu/SupportingFiles/Info.plist";
				IPHONEOS_DEPLOYMENT_TARGET = 13.0;
				LD_RUNPATH_SEARCH_PATHS = (
					"$(inherited)",
					"@executable_path/Frameworks",
				);
				PRODUCT_BUNDLE_IDENTIFIER = com.mashup.ahobsu.Ahobsu;
				PRODUCT_NAME = "$(TARGET_NAME)";
				PROVISIONING_PROFILE_SPECIFIER = AhobsuDevelopment;
				SWIFT_VERSION = 5.0;
				TARGETED_DEVICE_FAMILY = 1;
			};
			name = Debug;
		};
		2956B03881800781D1D4ED439393ED67 /* Release */ = {
			isa = XCBuildConfiguration;
			buildSettings = {
				ALWAYS_SEARCH_USER_PATHS = NO;
				CLANG_ANALYZER_NONNULL = YES;
				CLANG_ANALYZER_NUMBER_OBJECT_CONVERSION = YES_AGGRESSIVE;
				CLANG_CXX_LANGUAGE_STANDARD = "gnu++14";
				CLANG_CXX_LIBRARY = "libc++";
				CLANG_ENABLE_MODULES = YES;
				CLANG_ENABLE_OBJC_ARC = YES;
				CLANG_ENABLE_OBJC_WEAK = YES;
				CLANG_WARN_BLOCK_CAPTURE_AUTORELEASING = YES;
				CLANG_WARN_BOOL_CONVERSION = YES;
				CLANG_WARN_COMMA = YES;
				CLANG_WARN_CONSTANT_CONVERSION = YES;
				CLANG_WARN_DEPRECATED_OBJC_IMPLEMENTATIONS = YES;
				CLANG_WARN_DIRECT_OBJC_ISA_USAGE = YES_ERROR;
				CLANG_WARN_DOCUMENTATION_COMMENTS = YES;
				CLANG_WARN_EMPTY_BODY = YES;
				CLANG_WARN_ENUM_CONVERSION = YES;
				CLANG_WARN_INFINITE_RECURSION = YES;
				CLANG_WARN_INT_CONVERSION = YES;
				CLANG_WARN_NON_LITERAL_NULL_CONVERSION = YES;
				CLANG_WARN_OBJC_IMPLICIT_RETAIN_SELF = YES;
				CLANG_WARN_OBJC_LITERAL_CONVERSION = YES;
				CLANG_WARN_OBJC_ROOT_CLASS = YES_ERROR;
				CLANG_WARN_RANGE_LOOP_ANALYSIS = YES;
				CLANG_WARN_STRICT_PROTOTYPES = YES;
				CLANG_WARN_SUSPICIOUS_MOVE = YES;
				CLANG_WARN_UNGUARDED_AVAILABILITY = YES_AGGRESSIVE;
				CLANG_WARN_UNREACHABLE_CODE = YES;
				CLANG_WARN__DUPLICATE_METHOD_MATCH = YES;
				COPY_PHASE_STRIP = NO;
				DEBUG_INFORMATION_FORMAT = "dwarf-with-dsym";
				ENABLE_NS_ASSERTIONS = NO;
				ENABLE_STRICT_OBJC_MSGSEND = YES;
				GCC_C_LANGUAGE_STANDARD = gnu11;
				GCC_NO_COMMON_BLOCKS = YES;
				GCC_WARN_64_TO_32_BIT_CONVERSION = YES;
				GCC_WARN_ABOUT_RETURN_TYPE = YES_ERROR;
				GCC_WARN_UNDECLARED_SELECTOR = YES;
				GCC_WARN_UNINITIALIZED_AUTOS = YES_AGGRESSIVE;
				GCC_WARN_UNUSED_FUNCTION = YES;
				GCC_WARN_UNUSED_VARIABLE = YES;
				IPHONEOS_DEPLOYMENT_TARGET = 13.2;
				MTL_ENABLE_DEBUG_INFO = NO;
				MTL_FAST_MATH = YES;
				SDKROOT = iphoneos;
				SWIFT_COMPILATION_MODE = wholemodule;
				SWIFT_OPTIMIZATION_LEVEL = "-O";
				VALIDATE_PRODUCT = YES;
			};
			name = Release;
		};
		46FCEB994FFE015F44BA6A495F78F181 /* Debug */ = {
			isa = XCBuildConfiguration;
			buildSettings = {
				ALWAYS_SEARCH_USER_PATHS = NO;
				CLANG_ANALYZER_NONNULL = YES;
				CLANG_ANALYZER_NUMBER_OBJECT_CONVERSION = YES_AGGRESSIVE;
				CLANG_CXX_LANGUAGE_STANDARD = "gnu++14";
				CLANG_CXX_LIBRARY = "libc++";
				CLANG_ENABLE_MODULES = YES;
				CLANG_ENABLE_OBJC_ARC = YES;
				CLANG_ENABLE_OBJC_WEAK = YES;
				CLANG_WARN_BLOCK_CAPTURE_AUTORELEASING = YES;
				CLANG_WARN_BOOL_CONVERSION = YES;
				CLANG_WARN_COMMA = YES;
				CLANG_WARN_CONSTANT_CONVERSION = YES;
				CLANG_WARN_DEPRECATED_OBJC_IMPLEMENTATIONS = YES;
				CLANG_WARN_DIRECT_OBJC_ISA_USAGE = YES_ERROR;
				CLANG_WARN_DOCUMENTATION_COMMENTS = YES;
				CLANG_WARN_EMPTY_BODY = YES;
				CLANG_WARN_ENUM_CONVERSION = YES;
				CLANG_WARN_INFINITE_RECURSION = YES;
				CLANG_WARN_INT_CONVERSION = YES;
				CLANG_WARN_NON_LITERAL_NULL_CONVERSION = YES;
				CLANG_WARN_OBJC_IMPLICIT_RETAIN_SELF = YES;
				CLANG_WARN_OBJC_LITERAL_CONVERSION = YES;
				CLANG_WARN_OBJC_ROOT_CLASS = YES_ERROR;
				CLANG_WARN_RANGE_LOOP_ANALYSIS = YES;
				CLANG_WARN_STRICT_PROTOTYPES = YES;
				CLANG_WARN_SUSPICIOUS_MOVE = YES;
				CLANG_WARN_UNGUARDED_AVAILABILITY = YES_AGGRESSIVE;
				CLANG_WARN_UNREACHABLE_CODE = YES;
				CLANG_WARN__DUPLICATE_METHOD_MATCH = YES;
				COPY_PHASE_STRIP = NO;
				DEBUG_INFORMATION_FORMAT = dwarf;
				ENABLE_STRICT_OBJC_MSGSEND = YES;
				ENABLE_TESTABILITY = YES;
				GCC_C_LANGUAGE_STANDARD = gnu11;
				GCC_DYNAMIC_NO_PIC = NO;
				GCC_NO_COMMON_BLOCKS = YES;
				GCC_OPTIMIZATION_LEVEL = 0;
				GCC_PREPROCESSOR_DEFINITIONS = (
					"DEBUG=1",
					"$(inherited)",
				);
				GCC_WARN_64_TO_32_BIT_CONVERSION = YES;
				GCC_WARN_ABOUT_RETURN_TYPE = YES_ERROR;
				GCC_WARN_UNDECLARED_SELECTOR = YES;
				GCC_WARN_UNINITIALIZED_AUTOS = YES_AGGRESSIVE;
				GCC_WARN_UNUSED_FUNCTION = YES;
				GCC_WARN_UNUSED_VARIABLE = YES;
				IPHONEOS_DEPLOYMENT_TARGET = 13.2;
				MTL_ENABLE_DEBUG_INFO = INCLUDE_SOURCE;
				MTL_FAST_MATH = YES;
				ONLY_ACTIVE_ARCH = YES;
				SDKROOT = iphoneos;
				SWIFT_ACTIVE_COMPILATION_CONDITIONS = DEBUG;
				SWIFT_OPTIMIZATION_LEVEL = "-Onone";
			};
			name = Debug;
		};
		E23A6B7539C49CEDE5B102D04BB5DE2D /* Release */ = {
			isa = XCBuildConfiguration;
			baseConfigurationReference = E73EA17769B99BE87F2196F43866386B /* Pods-Ahobsu.release.xcconfig */;
			buildSettings = {
				ASSETCATALOG_COMPILER_APPICON_NAME = AppIcon;
				CODE_SIGN_IDENTITY = "iPhone Developer";
				CODE_SIGN_STYLE = Manual;
				DEVELOPMENT_ASSET_PATHS = "\"Ahobsu/Preview Content\"";
				DEVELOPMENT_TEAM = 4Y9G8Z76XC;
				ENABLE_PREVIEWS = YES;
				INFOPLIST_FILE = "$(SRCROOT)/Ahobsu/SupportingFiles/Info.plist";
				IPHONEOS_DEPLOYMENT_TARGET = 13.0;
				LD_RUNPATH_SEARCH_PATHS = (
					"$(inherited)",
					"@executable_path/Frameworks",
				);
				PRODUCT_BUNDLE_IDENTIFIER = com.mashup.ahobsu.Ahobsu;
				PRODUCT_NAME = "$(TARGET_NAME)";
				PROVISIONING_PROFILE_SPECIFIER = AhobsuDevelopment;
				SWIFT_VERSION = 5.0;
				TARGETED_DEVICE_FAMILY = 1;
			};
			name = Release;
		};
/* End XCBuildConfiguration section */

/* Begin XCConfigurationList section */
		664E1020637360D6BFCE7533F1A0C351 /* Build configuration list for PBXNativeTarget "Ahobsu" */ = {
			isa = XCConfigurationList;
			buildConfigurations = (
				07864B81A2E64EE66E994A3DBC729A41 /* Debug */,
				E23A6B7539C49CEDE5B102D04BB5DE2D /* Release */,
			);
			defaultConfigurationIsVisible = 0;
			defaultConfigurationName = Release;
		};
		F8E17EFD124FED810A2BA92A78E2A4A6 /* Build configuration list for PBXProject "Ahobsu" */ = {
			isa = XCConfigurationList;
			buildConfigurations = (
				46FCEB994FFE015F44BA6A495F78F181 /* Debug */,
				2956B03881800781D1D4ED439393ED67 /* Release */,
			);
			defaultConfigurationIsVisible = 0;
			defaultConfigurationName = Release;
		};
/* End XCConfigurationList section */
	};
	rootObject = 83359751FA69E37FDD96344B6366BD34 /* Project object */;
}
