// !$*UTF8*$!
{
	archiveVersion = 1;
	classes = {
	};
	objectVersion = 51;
	objects = {

/* Begin PBXBuildFile section */
		08952E7F3061C2AC361F20FCFA8C7366 /* AhobsuProvider.swift in Sources */ = {isa = PBXBuildFile; fileRef = 41059AB509DA80DB01EDA562BC0360B1 /* AhobsuProvider.swift */; };
		090C72070F123EA33ED3983F38E7163C /* SignUpNickNameView.swift in Sources */ = {isa = PBXBuildFile; fileRef = CD699A3FD868F3AC1D349AD61BF66932 /* SignUpNickNameView.swift */; };
		0F707EE436F21924111B5FF45CDAAD44 /* SwiftUIPagerView.swift in Sources */ = {isa = PBXBuildFile; fileRef = 88B359D2AE97471E878E2AE82498C226 /* SwiftUIPagerView.swift */; };
		12FE70886D975E99EF3971A9CB8B5D01 /* SignUpBirthdateView.swift in Sources */ = {isa = PBXBuildFile; fileRef = 39F7952BE5013E514FD2DE9B4EF248EC /* SignUpBirthdateView.swift */; };
		15AD2A3428A964E06123B27D66DF196C /* TokenManager.swift in Sources */ = {isa = PBXBuildFile; fileRef = CB08B896A2D70A497F206EBA873B453B /* TokenManager.swift */; };
		165392407EB7A49B42869C37B8D7CE37 /* SceneDelegate.swift in Sources */ = {isa = PBXBuildFile; fileRef = CE740228C6DE68584B06569CEAB9BA2E /* SceneDelegate.swift */; };
		20A553E9B441D4F59C7AA0944E1DFF21 /* Pods_Ahobsu.framework in Frameworks */ = {isa = PBXBuildFile; fileRef = 8B318F323C0BBFF5D27473F9B4EDF258 /* Pods_Ahobsu.framework */; };
		23CC565B3F399647ED41AD1DBFEA5A9E /* MainCardView.swift in Sources */ = {isa = PBXBuildFile; fileRef = F402515DF510F38F4533106EC53B8E83 /* MainCardView.swift */; };
		25B0792F91D854E92A9F9474D1EBE306 /* MainView.swift in Sources */ = {isa = PBXBuildFile; fileRef = 9302ED4D8249025596B4EFAE1580A395 /* MainView.swift */; };
		25D0017AA1CE29EE896C85FFD9F6F54C /* SelectQuestionView.swift in Sources */ = {isa = PBXBuildFile; fileRef = CBD2147CB6FB113A6733802A6B51DDF1 /* SelectQuestionView.swift */; };
		28F77E6C503B96E5C0FB03B69FEAE13D /* DateField.swift in Sources */ = {isa = PBXBuildFile; fileRef = D277F7B0CAE93B58CE7675B5D9908414 /* DateField.swift */; };
		33058E266D0E2E8F25C9D923FE3D96BA /* PageViewController.swift in Sources */ = {isa = PBXBuildFile; fileRef = 1FBF829C4542B7CF5676CC37E1CA2A75 /* PageViewController.swift */; };
		34DAE4F0F8EB836107D9C7645622267D /* MyPageView.swift in Sources */ = {isa = PBXBuildFile; fileRef = 325ECEFD110C2D4B736E40E5CC28CA39 /* MyPageView.swift */; };
		376FF994D287FEBC1F90A9013C74DFB0 /* ContentView.swift in Sources */ = {isa = PBXBuildFile; fileRef = FF2BFAEC7FF8A951992734590D2B7103 /* ContentView.swift */; };
		377D0EC362AEA71B21629AEA8798BEFD /* MyPageEdit.swift in Sources */ = {isa = PBXBuildFile; fileRef = DE7B85ECC1CAEE2115922197DC6574CF /* MyPageEdit.swift */; };
		37EB7E085617313B840B8ACEDB65B03A /* AnswerComplete_EssayCamera.swift in Sources */ = {isa = PBXBuildFile; fileRef = 4D7F185812FE84CA6888427A57E40DDF /* AnswerComplete_EssayCamera.swift */; };
		38390EE92CA3042159C07B381F522900 /* AhobsuAPIConfig.swift in Sources */ = {isa = PBXBuildFile; fileRef = 65FC12FC50520F836F645BDBCD11824A /* AhobsuAPIConfig.swift */; };
		3D5C9E6DEE7280FA647831FAB1EB9EA4 /* AnswerInsertEssayView.swift in Sources */ = {isa = PBXBuildFile; fileRef = CCAFF3D7300D61F66CE89DF839601DD1 /* AnswerInsertEssayView.swift */; };
		4C38AADB8864B5779664C9FD312D0FC5 /* MainButton.swift in Sources */ = {isa = PBXBuildFile; fileRef = 70CD0A2F00EDD56372C49D33790228EB /* MainButton.swift */; };
		50E398FC582C8CCBF915F379061EBB20 /* SignUpGenderView.swift in Sources */ = {isa = PBXBuildFile; fileRef = 633C286DB1ED5ACD4A094B0C2E099E28 /* SignUpGenderView.swift */; };
		51C1E6BC05D480FADB300114CA70D5FF /* WeekDayCellView.swift in Sources */ = {isa = PBXBuildFile; fileRef = 86D45F1DC04C0F4A8D5222E900210625 /* WeekDayCellView.swift */; };
		549FCCECAA918667E1EC72B0793D05BB /* AhobsuAPI.swift in Sources */ = {isa = PBXBuildFile; fileRef = F6604388EE3BAD2E422FACA60EF1E4B2 /* AhobsuAPI.swift */; };
		575E67A823E1AD0400B2C300 /* AnswerInsertCamaraView.swift in Sources */ = {isa = PBXBuildFile; fileRef = 575E67A723E1AD0400B2C300 /* AnswerInsertCamaraView.swift */; };
		575E67AA23E1B66000B2C300 /* ImagePicker.swift in Sources */ = {isa = PBXBuildFile; fileRef = 575E67A923E1B66000B2C300 /* ImagePicker.swift */; };
		586FB77BA264696BB773A59004C8B46C /* MoyaPublisher.swift in Sources */ = {isa = PBXBuildFile; fileRef = 44C3393C55B6B8DEB39296B1AE0450CC /* MoyaPublisher.swift */; };
		5B83C300AB70327D0A91226820F152B0 /* Mission.swift in Sources */ = {isa = PBXBuildFile; fileRef = 58767712A13BF759341D51E350855FCC /* Mission.swift */; };
		627BE14BB95E526E7D91939CBF74D995 /* MissionData.swift in Sources */ = {isa = PBXBuildFile; fileRef = 2A3D86867D089ED6F529A2FD7A55953F /* MissionData.swift */; };
		6675DA914AB268309BC9390ED0487711 /* SignInWithAppleDelegates.swift in Sources */ = {isa = PBXBuildFile; fileRef = 21028E6C7A9E457DA7D2AC3F90B21995 /* SignInWithAppleDelegates.swift */; };
		6C9386481CC157985B897ABD17731F6A /* AnswerComplete_Common.swift in Sources */ = {isa = PBXBuildFile; fileRef = DABCC1502F5B0A02023F0477DDC62377 /* AnswerComplete_Common.swift */; };
		6DB5C050502688D046EB67A882CDF2E1 /* Networking.swift in Sources */ = {isa = PBXBuildFile; fileRef = 627D69417FFDB9370F8C58945F570844 /* Networking.swift */; };
		6E5D6BFE4E62C3D82B3E94BDD172B1D5 /* AnswerCompletePageControl.swift in Sources */ = {isa = PBXBuildFile; fileRef = F8889A44037417D9CC2CB812C85AD27E /* AnswerCompletePageControl.swift */; };
		7E3455A7569DCD0CC3486CD80B5A52BF /* AppDelegate.swift in Sources */ = {isa = PBXBuildFile; fileRef = F4F11E5D82B9C02B99FC6A13568AEC9C /* AppDelegate.swift */; };
		8C3EAD1C31AF6F5C03C56E1277F6D0CA /* QuestionCellView.swift in Sources */ = {isa = PBXBuildFile; fileRef = D37359DDCD8148E26D7AE28349553497 /* QuestionCellView.swift */; };
		8F3D759C5F892A8F9E4045CD74A7115D /* MyPageEditView.swift in Sources */ = {isa = PBXBuildFile; fileRef = 57DC86F7404D170F5C4DFCE64D577486 /* MyPageEditView.swift */; };
		93AFCE3FFF42F06B6555F90947C8B84C /* AnswerCameraView.swift in Sources */ = {isa = PBXBuildFile; fileRef = 8FF51E4441F64A689799A49B611484E5 /* AnswerCameraView.swift */; };
		94BB90EFFCA20D44F07066103745BC6E /* Keychain.swift in Sources */ = {isa = PBXBuildFile; fileRef = 8A848E34D6FCEBA103A7161668808DCF /* Keychain.swift */; };
		9AA429A6321D6C2150F8CC0A591FBE2B /* AnswerComplete_Essay.swift in Sources */ = {isa = PBXBuildFile; fileRef = 8D0D8E18C480767F6A1DA9F9A6D9A5C1 /* AnswerComplete_Essay.swift */; };
		A01F75F6E1F1F9043B1CDB3306F55148 /* Assets.xcassets in Resources */ = {isa = PBXBuildFile; fileRef = 33B381A7D849809F928F2EE7082BD6A3 /* Assets.xcassets */; };
		A2C34900D1D32F3C1EDB3BEE4F87CE98 /* AnswerCompleteView.swift in Sources */ = {isa = PBXBuildFile; fileRef = 745BF09A80BF76150D826047C5B01DAF /* AnswerCompleteView.swift */; };
		A578EF4623E1CEA300176F2A /* UINavigationController+Extension.swift in Sources */ = {isa = PBXBuildFile; fileRef = A578EF4523E1CEA300176F2A /* UINavigationController+Extension.swift */; };
		A578EF4823E1D17C00176F2A /* AppVersion.swift in Sources */ = {isa = PBXBuildFile; fileRef = A578EF4723E1D17C00176F2A /* AppVersion.swift */; };
		A578EF4C23E1EE8400176F2A /* MailCompose.swift in Sources */ = {isa = PBXBuildFile; fileRef = A578EF4B23E1EE8400176F2A /* MailCompose.swift */; };
		A584768823EAE10600341058 /* WebView.swift in Sources */ = {isa = PBXBuildFile; fileRef = A584768723EAE10600341058 /* WebView.swift */; };
		A584768A23EAF8A600341058 /* NavigationMaskingView.swift in Sources */ = {isa = PBXBuildFile; fileRef = A584768923EAF8A600341058 /* NavigationMaskingView.swift */; };
		A5D7621E23E48365008AA3D5 /* AnswerQuestion.swift in Sources */ = {isa = PBXBuildFile; fileRef = A5D7621D23E48365008AA3D5 /* AnswerQuestion.swift */; };
		A5D7622023E537FE008AA3D5 /* MyPageViewModel.swift in Sources */ = {isa = PBXBuildFile; fileRef = A5D7621F23E537FE008AA3D5 /* MyPageViewModel.swift */; };
		A648DF3461539354CC185908E911E614 /* User.swift in Sources */ = {isa = PBXBuildFile; fileRef = 2AA9964C0F3BCA96C59E93E38D56A9BD /* User.swift */; };
		AA9063282AF6461A3655EB680460CA5B /* QuestionCardView.swift in Sources */ = {isa = PBXBuildFile; fileRef = 6F70C294A51BFE043BBAABC4B3818F06 /* QuestionCardView.swift */; };
		AAE5855F0334B2FF1179F4F91A4E7E96 /* MotiView.swift in Sources */ = {isa = PBXBuildFile; fileRef = 4F02618383EFF6F4458EC8761B6A554C /* MotiView.swift */; };
		AB4B8A1BFEB71E1EFCAF0DDB58F6B4E1 /* SplashView.swift in Sources */ = {isa = PBXBuildFile; fileRef = 1065FE026942688299841E06336F6F88 /* SplashView.swift */; };
		AE595CCE9C0DC654432BD86D1A0E6A10 /* BackgroundView.swift in Sources */ = {isa = PBXBuildFile; fileRef = B67C26BC05FAC61E34130E65AE308ECB /* BackgroundView.swift */; };
		B73773F77586E4FA7DF3C1F2FFE8CB3B /* SignUp.swift in Sources */ = {isa = PBXBuildFile; fileRef = C6C2A94DCB0ACD6D00F131694C9E070D /* SignUp.swift */; };
		BC9D2D84230ACE29C410531F7F0B0D49 /* GenderCardView.swift in Sources */ = {isa = PBXBuildFile; fileRef = 60F4E2286FCBCCB712F8DB007B559FFE /* GenderCardView.swift */; };
		C0AB952309FE16A5A9D7DDF773C786C9 /* DayWeekView.swift in Sources */ = {isa = PBXBuildFile; fileRef = 313957CD8ACE10F3B06C60B5F361474E /* DayWeekView.swift */; };
		C986522E598DB7AB70378B9B64F8F0C8 /* SignInWithApple.swift in Sources */ = {isa = PBXBuildFile; fileRef = 3E2089666AA18C82A56D827DBC68747F /* SignInWithApple.swift */; };
		CF92B5DC5BDED7ED70B3C2A30AB05487 /* GenderField.swift in Sources */ = {isa = PBXBuildFile; fileRef = 6B25912115DF9A2EE38602845E13D25E /* GenderField.swift */; };
		D27F7AB43FFD7B95A6CBD756C455CC66 /* Keyboard.swift in Sources */ = {isa = PBXBuildFile; fileRef = 470F16558181C29E4FCCCAE4E9F8D8C7 /* Keyboard.swift */; };
		D67F8AFE72DBF9BA11A5B6EBD3E20E15 /* MissionService.swift in Sources */ = {isa = PBXBuildFile; fileRef = 4C2B2F23BAC4441E6696E0BA8E772B62 /* MissionService.swift */; };
		DC92FAAC92374479E5721EA54CFE0D6C /* SignInView.swift in Sources */ = {isa = PBXBuildFile; fileRef = 9F738AAA118AB7B39E4C8B4A725D843C /* SignInView.swift */; };
		DE8BDF24DD809376B8A04E8077644099 /* PageControl.swift in Sources */ = {isa = PBXBuildFile; fileRef = 3E5560BAB9A5FC327D51EA4F46311E87 /* PageControl.swift */; };
		E52E2EF04CD8A0F71EAF572073C16F06 /* UIColor+Extension.swift in Sources */ = {isa = PBXBuildFile; fileRef = E43C473F274655F06AC8950953A0EB4C /* UIColor+Extension.swift */; };
		F2BB15916706F46A836A63EFEED6FAAA /* SignUpCompleteView.swift in Sources */ = {isa = PBXBuildFile; fileRef = 49BF382A57134DDD162641DE9DCEC09B /* SignUpCompleteView.swift */; };
		F82975B7D3C88179EF53D00EBDF8AFD6 /* SignUpFormView.swift in Sources */ = {isa = PBXBuildFile; fileRef = E7148FF6D03D89CDA149D1079E4CFE3C /* SignUpFormView.swift */; };
		F992A803DA9ACA785F26B3E2B96F712F /* AnswerComplete_Camera.swift in Sources */ = {isa = PBXBuildFile; fileRef = 7D91FE8AB6F7FD7FFAE5B1281C899873 /* AnswerComplete_Camera.swift */; };
		FA26A10F23E4BAFD009D668D /* APIData.swift in Sources */ = {isa = PBXBuildFile; fileRef = FA26A10E23E4BAFD009D668D /* APIData.swift */; };
		FA26A11123E4CB99009D668D /* Token.swift in Sources */ = {isa = PBXBuildFile; fileRef = FA26A11023E4CB99009D668D /* Token.swift */; };
		FA26A11523E4DEE4009D668D /* Answer.swift in Sources */ = {isa = PBXBuildFile; fileRef = FA26A11423E4DEE4009D668D /* Answer.swift */; };
		FA26A11723E4ED0B009D668D /* AnswerWeek.swift in Sources */ = {isa = PBXBuildFile; fileRef = FA26A11623E4ED0B009D668D /* AnswerWeek.swift */; };
		FA75AC1423D08640001B04B6 /* AnswerCompleteModel.swift in Sources */ = {isa = PBXBuildFile; fileRef = FA75AC1323D08640001B04B6 /* AnswerCompleteModel.swift */; };
		FA75AC1623D087E1001B04B6 /* AnswerCompleteCardView.swift in Sources */ = {isa = PBXBuildFile; fileRef = FA75AC1523D087E1001B04B6 /* AnswerCompleteCardView.swift */; };
		FAB0F05923DFF0DA00336EA5 /* AlbumView.swift in Sources */ = {isa = PBXBuildFile; fileRef = FAB0F05823DFF0DA00336EA5 /* AlbumView.swift */; };
		FAB0F06E23E0318400336EA5 /* TTNorms-ExtraBold.otf in Resources */ = {isa = PBXBuildFile; fileRef = FAB0F05C23E0318400336EA5 /* TTNorms-ExtraBold.otf */; };
		FAB0F06F23E0318400336EA5 /* TTNorms-ExtraBoldItalic.otf in Resources */ = {isa = PBXBuildFile; fileRef = FAB0F05D23E0318400336EA5 /* TTNorms-ExtraBoldItalic.otf */; };
		FAB0F07023E0318400336EA5 /* TTNorms-LightItalic.otf in Resources */ = {isa = PBXBuildFile; fileRef = FAB0F05E23E0318400336EA5 /* TTNorms-LightItalic.otf */; };
		FAB0F07123E0318400336EA5 /* TTNorms-HeavyItalic.otf in Resources */ = {isa = PBXBuildFile; fileRef = FAB0F05F23E0318400336EA5 /* TTNorms-HeavyItalic.otf */; };
		FAB0F07223E0318400336EA5 /* TTNorms-Black.otf in Resources */ = {isa = PBXBuildFile; fileRef = FAB0F06023E0318400336EA5 /* TTNorms-Black.otf */; };
		FAB0F07323E0318400336EA5 /* TTNorms-BlackItalic.otf in Resources */ = {isa = PBXBuildFile; fileRef = FAB0F06123E0318400336EA5 /* TTNorms-BlackItalic.otf */; };
		FAB0F07423E0318400336EA5 /* TTNorms-BoldItalic.otf in Resources */ = {isa = PBXBuildFile; fileRef = FAB0F06223E0318400336EA5 /* TTNorms-BoldItalic.otf */; };
		FAB0F07523E0318400336EA5 /* TTNorms-Bold.otf in Resources */ = {isa = PBXBuildFile; fileRef = FAB0F06323E0318400336EA5 /* TTNorms-Bold.otf */; };
		FAB0F07623E0318400336EA5 /* TTNorms-MediumItalic.otf in Resources */ = {isa = PBXBuildFile; fileRef = FAB0F06423E0318400336EA5 /* TTNorms-MediumItalic.otf */; };
		FAB0F07723E0318400336EA5 /* TTNorms-ExtraLight.otf in Resources */ = {isa = PBXBuildFile; fileRef = FAB0F06523E0318400336EA5 /* TTNorms-ExtraLight.otf */; };
		FAB0F07823E0318400336EA5 /* TTNorms-Regular.otf in Resources */ = {isa = PBXBuildFile; fileRef = FAB0F06623E0318400336EA5 /* TTNorms-Regular.otf */; };
		FAB0F07923E0318400336EA5 /* TTNorms-Medium.otf in Resources */ = {isa = PBXBuildFile; fileRef = FAB0F06723E0318400336EA5 /* TTNorms-Medium.otf */; };
		FAB0F07A23E0318400336EA5 /* TTNorms-ThinItalic.otf in Resources */ = {isa = PBXBuildFile; fileRef = FAB0F06823E0318400336EA5 /* TTNorms-ThinItalic.otf */; };
		FAB0F07B23E0318400336EA5 /* TTNorms-Thin.otf in Resources */ = {isa = PBXBuildFile; fileRef = FAB0F06923E0318400336EA5 /* TTNorms-Thin.otf */; };
		FAB0F07C23E0318400336EA5 /* TTNorms-Italic.otf in Resources */ = {isa = PBXBuildFile; fileRef = FAB0F06A23E0318400336EA5 /* TTNorms-Italic.otf */; };
		FAB0F07D23E0318400336EA5 /* TTNorms-Heavy.otf in Resources */ = {isa = PBXBuildFile; fileRef = FAB0F06B23E0318400336EA5 /* TTNorms-Heavy.otf */; };
		FAB0F07E23E0318400336EA5 /* TTNorms-ExtraLightItalic.otf in Resources */ = {isa = PBXBuildFile; fileRef = FAB0F06C23E0318400336EA5 /* TTNorms-ExtraLightItalic.otf */; };
		FAB0F07F23E0318400336EA5 /* TTNorms-Light.otf in Resources */ = {isa = PBXBuildFile; fileRef = FAB0F06D23E0318400336EA5 /* TTNorms-Light.otf */; };
		FAB0F08223E0325D00336EA5 /* IropkeBatangM.otf in Resources */ = {isa = PBXBuildFile; fileRef = FAB0F08123E0325D00336EA5 /* IropkeBatangM.otf */; };
		FAB0F08523E0901900336EA5 /* OnBordingPageControl.swift in Sources */ = {isa = PBXBuildFile; fileRef = FAB0F08423E0901900336EA5 /* OnBordingPageControl.swift */; };
		FAB0F08723E0902D00336EA5 /* OnBordingPageViewController.swift in Sources */ = {isa = PBXBuildFile; fileRef = FAB0F08623E0902D00336EA5 /* OnBordingPageViewController.swift */; };
		FAB0F08923E090BF00336EA5 /* OnBordingView.swift in Sources */ = {isa = PBXBuildFile; fileRef = FAB0F08823E090BF00336EA5 /* OnBordingView.swift */; };
		FAB0F08B23E0910300336EA5 /* OnBordingCardView.swift in Sources */ = {isa = PBXBuildFile; fileRef = FAB0F08A23E0910300336EA5 /* OnBordingCardView.swift */; };
		FAB0F08D23E0913E00336EA5 /* OnBordingModel.swift in Sources */ = {isa = PBXBuildFile; fileRef = FAB0F08C23E0913E00336EA5 /* OnBordingModel.swift */; };
/* End PBXBuildFile section */

/* Begin PBXFileReference section */
		1065FE026942688299841E06336F6F88 /* SplashView.swift */ = {isa = PBXFileReference; lastKnownFileType = sourcecode.swift; path = SplashView.swift; sourceTree = "<group>"; };
		1FBF829C4542B7CF5676CC37E1CA2A75 /* PageViewController.swift */ = {isa = PBXFileReference; lastKnownFileType = sourcecode.swift; path = PageViewController.swift; sourceTree = "<group>"; };
		21028E6C7A9E457DA7D2AC3F90B21995 /* SignInWithAppleDelegates.swift */ = {isa = PBXFileReference; lastKnownFileType = sourcecode.swift; path = SignInWithAppleDelegates.swift; sourceTree = "<group>"; };
		2A3D86867D089ED6F529A2FD7A55953F /* MissionData.swift */ = {isa = PBXFileReference; fileEncoding = 4; lastKnownFileType = sourcecode.swift; path = MissionData.swift; sourceTree = "<group>"; };
		2AA9964C0F3BCA96C59E93E38D56A9BD /* User.swift */ = {isa = PBXFileReference; fileEncoding = 4; lastKnownFileType = sourcecode.swift; path = User.swift; sourceTree = "<group>"; };
		313957CD8ACE10F3B06C60B5F361474E /* DayWeekView.swift */ = {isa = PBXFileReference; lastKnownFileType = sourcecode.swift; path = DayWeekView.swift; sourceTree = "<group>"; };
		325ECEFD110C2D4B736E40E5CC28CA39 /* MyPageView.swift */ = {isa = PBXFileReference; lastKnownFileType = sourcecode.swift; path = MyPageView.swift; sourceTree = "<group>"; };
		33B381A7D849809F928F2EE7082BD6A3 /* Assets.xcassets */ = {isa = PBXFileReference; lastKnownFileType = folder.assetcatalog; path = Assets.xcassets; sourceTree = "<group>"; };
		39F7952BE5013E514FD2DE9B4EF248EC /* SignUpBirthdateView.swift */ = {isa = PBXFileReference; lastKnownFileType = sourcecode.swift; path = SignUpBirthdateView.swift; sourceTree = "<group>"; };
		3E2089666AA18C82A56D827DBC68747F /* SignInWithApple.swift */ = {isa = PBXFileReference; lastKnownFileType = sourcecode.swift; path = SignInWithApple.swift; sourceTree = "<group>"; };
		3E5560BAB9A5FC327D51EA4F46311E87 /* PageControl.swift */ = {isa = PBXFileReference; lastKnownFileType = sourcecode.swift; path = PageControl.swift; sourceTree = "<group>"; };
		41059AB509DA80DB01EDA562BC0360B1 /* AhobsuProvider.swift */ = {isa = PBXFileReference; fileEncoding = 4; lastKnownFileType = sourcecode.swift; path = AhobsuProvider.swift; sourceTree = "<group>"; };
		44C3393C55B6B8DEB39296B1AE0450CC /* MoyaPublisher.swift */ = {isa = PBXFileReference; lastKnownFileType = sourcecode.swift; path = MoyaPublisher.swift; sourceTree = "<group>"; };
		470F16558181C29E4FCCCAE4E9F8D8C7 /* Keyboard.swift */ = {isa = PBXFileReference; lastKnownFileType = sourcecode.swift; path = Keyboard.swift; sourceTree = "<group>"; };
		49BF382A57134DDD162641DE9DCEC09B /* SignUpCompleteView.swift */ = {isa = PBXFileReference; lastKnownFileType = sourcecode.swift; path = SignUpCompleteView.swift; sourceTree = "<group>"; };
		4C2B2F23BAC4441E6696E0BA8E772B62 /* MissionService.swift */ = {isa = PBXFileReference; fileEncoding = 4; lastKnownFileType = sourcecode.swift; path = MissionService.swift; sourceTree = "<group>"; };
		4D7F185812FE84CA6888427A57E40DDF /* AnswerComplete_EssayCamera.swift */ = {isa = PBXFileReference; fileEncoding = 4; lastKnownFileType = sourcecode.swift; path = AnswerComplete_EssayCamera.swift; sourceTree = "<group>"; };
		4DD3DE9138430832870090EA6B4EC95E /* Ahobsu.entitlements */ = {isa = PBXFileReference; lastKnownFileType = text.plist.entitlements; path = Ahobsu.entitlements; sourceTree = "<group>"; };
		4F02618383EFF6F4458EC8761B6A554C /* MotiView.swift */ = {isa = PBXFileReference; lastKnownFileType = sourcecode.swift; path = MotiView.swift; sourceTree = "<group>"; };
		575E67A723E1AD0400B2C300 /* AnswerInsertCamaraView.swift */ = {isa = PBXFileReference; lastKnownFileType = sourcecode.swift; path = AnswerInsertCamaraView.swift; sourceTree = "<group>"; };
		575E67A923E1B66000B2C300 /* ImagePicker.swift */ = {isa = PBXFileReference; lastKnownFileType = sourcecode.swift; path = ImagePicker.swift; sourceTree = "<group>"; };
		57DC86F7404D170F5C4DFCE64D577486 /* MyPageEditView.swift */ = {isa = PBXFileReference; lastKnownFileType = sourcecode.swift; path = MyPageEditView.swift; sourceTree = "<group>"; };
		58767712A13BF759341D51E350855FCC /* Mission.swift */ = {isa = PBXFileReference; fileEncoding = 4; lastKnownFileType = sourcecode.swift; path = Mission.swift; sourceTree = "<group>"; };
		5B13E28C770E8380BE074D49155B5613 /* Pods-Ahobsu.debug.xcconfig */ = {isa = PBXFileReference; includeInIndex = 1; lastKnownFileType = text.xcconfig; name = "Pods-Ahobsu.debug.xcconfig"; path = "Target Support Files/Pods-Ahobsu/Pods-Ahobsu.debug.xcconfig"; sourceTree = "<group>"; };
		60F4E2286FCBCCB712F8DB007B559FFE /* GenderCardView.swift */ = {isa = PBXFileReference; lastKnownFileType = sourcecode.swift; path = GenderCardView.swift; sourceTree = "<group>"; };
		627D69417FFDB9370F8C58945F570844 /* Networking.swift */ = {isa = PBXFileReference; fileEncoding = 4; lastKnownFileType = sourcecode.swift; path = Networking.swift; sourceTree = "<group>"; };
		633C286DB1ED5ACD4A094B0C2E099E28 /* SignUpGenderView.swift */ = {isa = PBXFileReference; lastKnownFileType = sourcecode.swift; path = SignUpGenderView.swift; sourceTree = "<group>"; };
		65FC12FC50520F836F645BDBCD11824A /* AhobsuAPIConfig.swift */ = {isa = PBXFileReference; fileEncoding = 4; lastKnownFileType = sourcecode.swift; path = AhobsuAPIConfig.swift; sourceTree = "<group>"; };
		6B25912115DF9A2EE38602845E13D25E /* GenderField.swift */ = {isa = PBXFileReference; lastKnownFileType = sourcecode.swift; path = GenderField.swift; sourceTree = "<group>"; };
		6F70C294A51BFE043BBAABC4B3818F06 /* QuestionCardView.swift */ = {isa = PBXFileReference; lastKnownFileType = sourcecode.swift; path = QuestionCardView.swift; sourceTree = "<group>"; };
		70CD0A2F00EDD56372C49D33790228EB /* MainButton.swift */ = {isa = PBXFileReference; lastKnownFileType = sourcecode.swift; path = MainButton.swift; sourceTree = "<group>"; };
		745BF09A80BF76150D826047C5B01DAF /* AnswerCompleteView.swift */ = {isa = PBXFileReference; fileEncoding = 4; lastKnownFileType = sourcecode.swift; path = AnswerCompleteView.swift; sourceTree = "<group>"; };
		7D91FE8AB6F7FD7FFAE5B1281C899873 /* AnswerComplete_Camera.swift */ = {isa = PBXFileReference; fileEncoding = 4; lastKnownFileType = sourcecode.swift; path = AnswerComplete_Camera.swift; sourceTree = "<group>"; };
		86D45F1DC04C0F4A8D5222E900210625 /* WeekDayCellView.swift */ = {isa = PBXFileReference; lastKnownFileType = sourcecode.swift; path = WeekDayCellView.swift; sourceTree = "<group>"; };
		88B359D2AE97471E878E2AE82498C226 /* SwiftUIPagerView.swift */ = {isa = PBXFileReference; lastKnownFileType = sourcecode.swift; path = SwiftUIPagerView.swift; sourceTree = "<group>"; };
		89547C729FE9693E0BC39DFB3A317506 /* Base */ = {isa = PBXFileReference; lastKnownFileType = file.storyboard; name = Base; path = Base.lproj/LaunchScreen.storyboard; sourceTree = "<group>"; };
		8A848E34D6FCEBA103A7161668808DCF /* Keychain.swift */ = {isa = PBXFileReference; fileEncoding = 4; lastKnownFileType = sourcecode.swift; path = Keychain.swift; sourceTree = "<group>"; };
		8B318F323C0BBFF5D27473F9B4EDF258 /* Pods_Ahobsu.framework */ = {isa = PBXFileReference; explicitFileType = wrapper.framework; includeInIndex = 0; path = Pods_Ahobsu.framework; sourceTree = BUILT_PRODUCTS_DIR; };
		8D0D8E18C480767F6A1DA9F9A6D9A5C1 /* AnswerComplete_Essay.swift */ = {isa = PBXFileReference; fileEncoding = 4; lastKnownFileType = sourcecode.swift; path = AnswerComplete_Essay.swift; sourceTree = "<group>"; };
		8FF51E4441F64A689799A49B611484E5 /* AnswerCameraView.swift */ = {isa = PBXFileReference; lastKnownFileType = sourcecode.swift; path = AnswerCameraView.swift; sourceTree = "<group>"; };
		9302ED4D8249025596B4EFAE1580A395 /* MainView.swift */ = {isa = PBXFileReference; lastKnownFileType = sourcecode.swift; path = MainView.swift; sourceTree = "<group>"; };
		9A1F8CD740348BE97C508C37D55A3BE5 /* Info.plist */ = {isa = PBXFileReference; lastKnownFileType = text.plist.xml; path = Info.plist; sourceTree = "<group>"; };
		9F738AAA118AB7B39E4C8B4A725D843C /* SignInView.swift */ = {isa = PBXFileReference; lastKnownFileType = sourcecode.swift; path = SignInView.swift; sourceTree = "<group>"; };
		A5522BA54F90499741CB425243D12D45 /* Preview Assets.xcassets */ = {isa = PBXFileReference; lastKnownFileType = folder.assetcatalog; path = "Preview Assets.xcassets"; sourceTree = "<group>"; };
		A578EF4523E1CEA300176F2A /* UINavigationController+Extension.swift */ = {isa = PBXFileReference; lastKnownFileType = sourcecode.swift; path = "UINavigationController+Extension.swift"; sourceTree = "<group>"; };
		A578EF4723E1D17C00176F2A /* AppVersion.swift */ = {isa = PBXFileReference; lastKnownFileType = sourcecode.swift; path = AppVersion.swift; sourceTree = "<group>"; };
		A578EF4B23E1EE8400176F2A /* MailCompose.swift */ = {isa = PBXFileReference; lastKnownFileType = sourcecode.swift; path = MailCompose.swift; sourceTree = "<group>"; };
		A584768723EAE10600341058 /* WebView.swift */ = {isa = PBXFileReference; lastKnownFileType = sourcecode.swift; path = WebView.swift; sourceTree = "<group>"; };
		A584768923EAF8A600341058 /* NavigationMaskingView.swift */ = {isa = PBXFileReference; lastKnownFileType = sourcecode.swift; path = NavigationMaskingView.swift; sourceTree = "<group>"; };
		A5D7621D23E48365008AA3D5 /* AnswerQuestion.swift */ = {isa = PBXFileReference; lastKnownFileType = sourcecode.swift; path = AnswerQuestion.swift; sourceTree = "<group>"; };
		A5D7621F23E537FE008AA3D5 /* MyPageViewModel.swift */ = {isa = PBXFileReference; lastKnownFileType = sourcecode.swift; path = MyPageViewModel.swift; sourceTree = "<group>"; };
		B67C26BC05FAC61E34130E65AE308ECB /* BackgroundView.swift */ = {isa = PBXFileReference; lastKnownFileType = sourcecode.swift; path = BackgroundView.swift; sourceTree = "<group>"; };
		B8E4CC0B7379D25F5D9717CE42858EDF /* Ahobsu.app */ = {isa = PBXFileReference; explicitFileType = wrapper.application; includeInIndex = 0; path = Ahobsu.app; sourceTree = BUILT_PRODUCTS_DIR; };
		C6C2A94DCB0ACD6D00F131694C9E070D /* SignUp.swift */ = {isa = PBXFileReference; lastKnownFileType = sourcecode.swift; path = SignUp.swift; sourceTree = "<group>"; };
		CB08B896A2D70A497F206EBA873B453B /* TokenManager.swift */ = {isa = PBXFileReference; fileEncoding = 4; lastKnownFileType = sourcecode.swift; path = TokenManager.swift; sourceTree = "<group>"; };
		CBD2147CB6FB113A6733802A6B51DDF1 /* SelectQuestionView.swift */ = {isa = PBXFileReference; lastKnownFileType = sourcecode.swift; path = SelectQuestionView.swift; sourceTree = "<group>"; };
		CCAFF3D7300D61F66CE89DF839601DD1 /* AnswerInsertEssayView.swift */ = {isa = PBXFileReference; lastKnownFileType = sourcecode.swift; path = AnswerInsertEssayView.swift; sourceTree = "<group>"; };
		CD699A3FD868F3AC1D349AD61BF66932 /* SignUpNickNameView.swift */ = {isa = PBXFileReference; lastKnownFileType = sourcecode.swift; path = SignUpNickNameView.swift; sourceTree = "<group>"; };
		CE740228C6DE68584B06569CEAB9BA2E /* SceneDelegate.swift */ = {isa = PBXFileReference; lastKnownFileType = sourcecode.swift; path = SceneDelegate.swift; sourceTree = "<group>"; };
		D277F7B0CAE93B58CE7675B5D9908414 /* DateField.swift */ = {isa = PBXFileReference; lastKnownFileType = sourcecode.swift; path = DateField.swift; sourceTree = "<group>"; };
		D37359DDCD8148E26D7AE28349553497 /* QuestionCellView.swift */ = {isa = PBXFileReference; lastKnownFileType = sourcecode.swift; path = QuestionCellView.swift; sourceTree = "<group>"; };
		DABCC1502F5B0A02023F0477DDC62377 /* AnswerComplete_Common.swift */ = {isa = PBXFileReference; fileEncoding = 4; lastKnownFileType = sourcecode.swift; path = AnswerComplete_Common.swift; sourceTree = "<group>"; };
		DE7B85ECC1CAEE2115922197DC6574CF /* MyPageEdit.swift */ = {isa = PBXFileReference; lastKnownFileType = sourcecode.swift; path = MyPageEdit.swift; sourceTree = "<group>"; };
		E43C473F274655F06AC8950953A0EB4C /* UIColor+Extension.swift */ = {isa = PBXFileReference; lastKnownFileType = sourcecode.swift; path = "UIColor+Extension.swift"; sourceTree = "<group>"; };
		E7148FF6D03D89CDA149D1079E4CFE3C /* SignUpFormView.swift */ = {isa = PBXFileReference; lastKnownFileType = sourcecode.swift; path = SignUpFormView.swift; sourceTree = "<group>"; };
		E73EA17769B99BE87F2196F43866386B /* Pods-Ahobsu.release.xcconfig */ = {isa = PBXFileReference; includeInIndex = 1; lastKnownFileType = text.xcconfig; name = "Pods-Ahobsu.release.xcconfig"; path = "Target Support Files/Pods-Ahobsu/Pods-Ahobsu.release.xcconfig"; sourceTree = "<group>"; };
		F402515DF510F38F4533106EC53B8E83 /* MainCardView.swift */ = {isa = PBXFileReference; lastKnownFileType = sourcecode.swift; path = MainCardView.swift; sourceTree = "<group>"; };
		F4F11E5D82B9C02B99FC6A13568AEC9C /* AppDelegate.swift */ = {isa = PBXFileReference; lastKnownFileType = sourcecode.swift; path = AppDelegate.swift; sourceTree = "<group>"; };
		F6604388EE3BAD2E422FACA60EF1E4B2 /* AhobsuAPI.swift */ = {isa = PBXFileReference; fileEncoding = 4; lastKnownFileType = sourcecode.swift; path = AhobsuAPI.swift; sourceTree = "<group>"; };
		F8889A44037417D9CC2CB812C85AD27E /* AnswerCompletePageControl.swift */ = {isa = PBXFileReference; lastKnownFileType = sourcecode.swift; path = AnswerCompletePageControl.swift; sourceTree = "<group>"; };
		FA26A10E23E4BAFD009D668D /* APIData.swift */ = {isa = PBXFileReference; lastKnownFileType = sourcecode.swift; path = APIData.swift; sourceTree = "<group>"; };
		FA26A11023E4CB99009D668D /* Token.swift */ = {isa = PBXFileReference; lastKnownFileType = sourcecode.swift; path = Token.swift; sourceTree = "<group>"; };
		FA26A11423E4DEE4009D668D /* Answer.swift */ = {isa = PBXFileReference; lastKnownFileType = sourcecode.swift; path = Answer.swift; sourceTree = "<group>"; };
		FA26A11623E4ED0B009D668D /* AnswerWeek.swift */ = {isa = PBXFileReference; lastKnownFileType = sourcecode.swift; path = AnswerWeek.swift; sourceTree = "<group>"; };
		FA75AC1323D08640001B04B6 /* AnswerCompleteModel.swift */ = {isa = PBXFileReference; fileEncoding = 4; lastKnownFileType = sourcecode.swift; path = AnswerCompleteModel.swift; sourceTree = "<group>"; };
		FA75AC1523D087E1001B04B6 /* AnswerCompleteCardView.swift */ = {isa = PBXFileReference; fileEncoding = 4; lastKnownFileType = sourcecode.swift; path = AnswerCompleteCardView.swift; sourceTree = "<group>"; };
		FAB0F05823DFF0DA00336EA5 /* AlbumView.swift */ = {isa = PBXFileReference; lastKnownFileType = sourcecode.swift; path = AlbumView.swift; sourceTree = "<group>"; };
		FAB0F05C23E0318400336EA5 /* TTNorms-ExtraBold.otf */ = {isa = PBXFileReference; lastKnownFileType = file; path = "TTNorms-ExtraBold.otf"; sourceTree = "<group>"; };
		FAB0F05D23E0318400336EA5 /* TTNorms-ExtraBoldItalic.otf */ = {isa = PBXFileReference; lastKnownFileType = file; path = "TTNorms-ExtraBoldItalic.otf"; sourceTree = "<group>"; };
		FAB0F05E23E0318400336EA5 /* TTNorms-LightItalic.otf */ = {isa = PBXFileReference; lastKnownFileType = file; path = "TTNorms-LightItalic.otf"; sourceTree = "<group>"; };
		FAB0F05F23E0318400336EA5 /* TTNorms-HeavyItalic.otf */ = {isa = PBXFileReference; lastKnownFileType = file; path = "TTNorms-HeavyItalic.otf"; sourceTree = "<group>"; };
		FAB0F06023E0318400336EA5 /* TTNorms-Black.otf */ = {isa = PBXFileReference; lastKnownFileType = file; path = "TTNorms-Black.otf"; sourceTree = "<group>"; };
		FAB0F06123E0318400336EA5 /* TTNorms-BlackItalic.otf */ = {isa = PBXFileReference; lastKnownFileType = file; path = "TTNorms-BlackItalic.otf"; sourceTree = "<group>"; };
		FAB0F06223E0318400336EA5 /* TTNorms-BoldItalic.otf */ = {isa = PBXFileReference; lastKnownFileType = file; path = "TTNorms-BoldItalic.otf"; sourceTree = "<group>"; };
		FAB0F06323E0318400336EA5 /* TTNorms-Bold.otf */ = {isa = PBXFileReference; lastKnownFileType = file; path = "TTNorms-Bold.otf"; sourceTree = "<group>"; };
		FAB0F06423E0318400336EA5 /* TTNorms-MediumItalic.otf */ = {isa = PBXFileReference; lastKnownFileType = file; path = "TTNorms-MediumItalic.otf"; sourceTree = "<group>"; };
		FAB0F06523E0318400336EA5 /* TTNorms-ExtraLight.otf */ = {isa = PBXFileReference; lastKnownFileType = file; path = "TTNorms-ExtraLight.otf"; sourceTree = "<group>"; };
		FAB0F06623E0318400336EA5 /* TTNorms-Regular.otf */ = {isa = PBXFileReference; lastKnownFileType = file; path = "TTNorms-Regular.otf"; sourceTree = "<group>"; };
		FAB0F06723E0318400336EA5 /* TTNorms-Medium.otf */ = {isa = PBXFileReference; lastKnownFileType = file; path = "TTNorms-Medium.otf"; sourceTree = "<group>"; };
		FAB0F06823E0318400336EA5 /* TTNorms-ThinItalic.otf */ = {isa = PBXFileReference; lastKnownFileType = file; path = "TTNorms-ThinItalic.otf"; sourceTree = "<group>"; };
		FAB0F06923E0318400336EA5 /* TTNorms-Thin.otf */ = {isa = PBXFileReference; lastKnownFileType = file; path = "TTNorms-Thin.otf"; sourceTree = "<group>"; };
		FAB0F06A23E0318400336EA5 /* TTNorms-Italic.otf */ = {isa = PBXFileReference; lastKnownFileType = file; path = "TTNorms-Italic.otf"; sourceTree = "<group>"; };
		FAB0F06B23E0318400336EA5 /* TTNorms-Heavy.otf */ = {isa = PBXFileReference; lastKnownFileType = file; path = "TTNorms-Heavy.otf"; sourceTree = "<group>"; };
		FAB0F06C23E0318400336EA5 /* TTNorms-ExtraLightItalic.otf */ = {isa = PBXFileReference; lastKnownFileType = file; path = "TTNorms-ExtraLightItalic.otf"; sourceTree = "<group>"; };
		FAB0F06D23E0318400336EA5 /* TTNorms-Light.otf */ = {isa = PBXFileReference; lastKnownFileType = file; path = "TTNorms-Light.otf"; sourceTree = "<group>"; };
		FAB0F08123E0325D00336EA5 /* IropkeBatangM.otf */ = {isa = PBXFileReference; lastKnownFileType = file; path = IropkeBatangM.otf; sourceTree = "<group>"; };
		FAB0F08423E0901900336EA5 /* OnBordingPageControl.swift */ = {isa = PBXFileReference; lastKnownFileType = sourcecode.swift; path = OnBordingPageControl.swift; sourceTree = "<group>"; };
		FAB0F08623E0902D00336EA5 /* OnBordingPageViewController.swift */ = {isa = PBXFileReference; lastKnownFileType = sourcecode.swift; path = OnBordingPageViewController.swift; sourceTree = "<group>"; };
		FAB0F08823E090BF00336EA5 /* OnBordingView.swift */ = {isa = PBXFileReference; lastKnownFileType = sourcecode.swift; path = OnBordingView.swift; sourceTree = "<group>"; };
		FAB0F08A23E0910300336EA5 /* OnBordingCardView.swift */ = {isa = PBXFileReference; lastKnownFileType = sourcecode.swift; path = OnBordingCardView.swift; sourceTree = "<group>"; };
		FAB0F08C23E0913E00336EA5 /* OnBordingModel.swift */ = {isa = PBXFileReference; lastKnownFileType = sourcecode.swift; path = OnBordingModel.swift; sourceTree = "<group>"; };
		FF2BFAEC7FF8A951992734590D2B7103 /* ContentView.swift */ = {isa = PBXFileReference; lastKnownFileType = sourcecode.swift; path = ContentView.swift; sourceTree = "<group>"; };
/* End PBXFileReference section */

/* Begin PBXFrameworksBuildPhase section */
		19FD234B22B92982AF3D7DA637CF773B /* Frameworks */ = {
			isa = PBXFrameworksBuildPhase;
			buildActionMask = 2147483647;
			files = (
				20A553E9B441D4F59C7AA0944E1DFF21 /* Pods_Ahobsu.framework in Frameworks */,
			);
			runOnlyForDeploymentPostprocessing = 0;
		};
/* End PBXFrameworksBuildPhase section */

/* Begin PBXGroup section */
		0A5097B3D4A3599932610119E0FEA95A /* TokenManager */ = {
			isa = PBXGroup;
			children = (
				CB08B896A2D70A497F206EBA873B453B /* TokenManager.swift */,
			);
			path = TokenManager;
			sourceTree = "<group>";
		};
		12A42B36DE69A8247AA28629FE121959 /* Keychain */ = {
			isa = PBXGroup;
			children = (
				8A848E34D6FCEBA103A7161668808DCF /* Keychain.swift */,
			);
			path = Keychain;
			sourceTree = "<group>";
		};
		14FAD5B054B1379CC7373F5DAC8E6FDD /* Model */ = {
			isa = PBXGroup;
			children = (
				58767712A13BF759341D51E350855FCC /* Mission.swift */,
				FA26A11623E4ED0B009D668D /* AnswerWeek.swift */,
				FA26A11423E4DEE4009D668D /* Answer.swift */,
				2A3D86867D089ED6F529A2FD7A55953F /* MissionData.swift */,
				2AA9964C0F3BCA96C59E93E38D56A9BD /* User.swift */,
				FA75AC1323D08640001B04B6 /* AnswerCompleteModel.swift */,
				FAB0F08C23E0913E00336EA5 /* OnBordingModel.swift */,
				FA26A10E23E4BAFD009D668D /* APIData.swift */,
				FA26A11023E4CB99009D668D /* Token.swift */,
			);
			path = Model;
			sourceTree = "<group>";
		};
		568E177EC003E48646C8E36071191FEF /* AppLifeCycles */ = {
			isa = PBXGroup;
			children = (
				F4F11E5D82B9C02B99FC6A13568AEC9C /* AppDelegate.swift */,
				CE740228C6DE68584B06569CEAB9BA2E /* SceneDelegate.swift */,
			);
			path = AppLifeCycles;
			sourceTree = "<group>";
		};
		645CF92C67369895949156CC5233B4F0 /* Splash */ = {
			isa = PBXGroup;
			children = (
				1065FE026942688299841E06336F6F88 /* SplashView.swift */,
			);
			path = Splash;
			sourceTree = "<group>";
		};
		66B06056EC6306CB95E43D55EBB54D56 /* Products */ = {
			isa = PBXGroup;
			children = (
				B8E4CC0B7379D25F5D9717CE42858EDF /* Ahobsu.app */,
			);
			name = Products;
			sourceTree = "<group>";
		};
		6DC8FB8D69543F8D1CCD22185EBFC0B4 /* MotiViews */ = {
			isa = PBXGroup;
			children = (
				FAB0F08323E08FFA00336EA5 /* OnBording */,
				FAB0F05723DFF0CA00336EA5 /* Album */,
				E782ED08BC8F351DC32F11E3D3D002EF /* AnswerComplete */,
				9B7A173A97D0463CC8BB42133ED4F71D /* Common */,
				8D848B38A787F79BD8F0B4315BBF3C29 /* Main */,
				A6DAAB51AAC8B9343FFACC94F12FC6F7 /* MyPage */,
				774D46E963BA9ECE0857A02E8A09121B /* Sign */,
				CE5C16BD2ECACC61B82357AC52C428DF /* SignIn */,
				645CF92C67369895949156CC5233B4F0 /* Splash */,
			);
			path = MotiViews;
			sourceTree = "<group>";
		};
		774D46E963BA9ECE0857A02E8A09121B /* Sign */ = {
			isa = PBXGroup;
			children = (
				C6C2A94DCB0ACD6D00F131694C9E070D /* SignUp.swift */,
				39F7952BE5013E514FD2DE9B4EF248EC /* SignUpBirthdateView.swift */,
				49BF382A57134DDD162641DE9DCEC09B /* SignUpCompleteView.swift */,
				E7148FF6D03D89CDA149D1079E4CFE3C /* SignUpFormView.swift */,
				633C286DB1ED5ACD4A094B0C2E099E28 /* SignUpGenderView.swift */,
				CD699A3FD868F3AC1D349AD61BF66932 /* SignUpNickNameView.swift */,
			);
			path = Sign;
			sourceTree = "<group>";
		};
		7EC9B19E49698A9ED487734E855D7462 /* Service */ = {
			isa = PBXGroup;
			children = (
				4C2B2F23BAC4441E6696E0BA8E772B62 /* MissionService.swift */,
			);
			path = Service;
			sourceTree = "<group>";
		};
		808AD775A1258F6539D357758F0C5D1D /* Pods */ = {
			isa = PBXGroup;
			children = (
				5B13E28C770E8380BE074D49155B5613 /* Pods-Ahobsu.debug.xcconfig */,
				E73EA17769B99BE87F2196F43866386B /* Pods-Ahobsu.release.xcconfig */,
			);
			path = Pods;
			sourceTree = "<group>";
		};
		80A42AABA8415A07400169474E7A6537 /* AnswerQuestion */ = {
			isa = PBXGroup;
			children = (
				8FF51E4441F64A689799A49B611484E5 /* AnswerCameraView.swift */,
				575E67A723E1AD0400B2C300 /* AnswerInsertCamaraView.swift */,
				575E67A923E1B66000B2C300 /* ImagePicker.swift */,
				CCAFF3D7300D61F66CE89DF839601DD1 /* AnswerInsertEssayView.swift */,
				A5D7621D23E48365008AA3D5 /* AnswerQuestion.swift */,
			);
			path = AnswerQuestion;
			sourceTree = "<group>";
		};
		8AEDA2C88CB721AE4BDEE232FCB84740 /* Frameworks */ = {
			isa = PBXGroup;
			children = (
				8B318F323C0BBFF5D27473F9B4EDF258 /* Pods_Ahobsu.framework */,
			);
			name = Frameworks;
			sourceTree = "<group>";
		};
		8D848B38A787F79BD8F0B4315BBF3C29 /* Main */ = {
			isa = PBXGroup;
			children = (
				80A42AABA8415A07400169474E7A6537 /* AnswerQuestion */,
				E56D06BB973F94DB4C32E79058C4262A /* SelectQuestion */,
				313957CD8ACE10F3B06C60B5F361474E /* DayWeekView.swift */,
				F402515DF510F38F4533106EC53B8E83 /* MainCardView.swift */,
				9302ED4D8249025596B4EFAE1580A395 /* MainView.swift */,
				4F02618383EFF6F4458EC8761B6A554C /* MotiView.swift */,
				3E5560BAB9A5FC327D51EA4F46311E87 /* PageControl.swift */,
				D37359DDCD8148E26D7AE28349553497 /* QuestionCellView.swift */,
				CBD2147CB6FB113A6733802A6B51DDF1 /* SelectQuestionView.swift */,
				88B359D2AE97471E878E2AE82498C226 /* SwiftUIPagerView.swift */,
				86D45F1DC04C0F4A8D5222E900210625 /* WeekDayCellView.swift */,
			);
			path = Main;
			sourceTree = "<group>";
		};
		9B7A173A97D0463CC8BB42133ED4F71D /* Common */ = {
			isa = PBXGroup;
			children = (
				470F16558181C29E4FCCCAE4E9F8D8C7 /* Keyboard.swift */,
				A584768723EAE10600341058 /* WebView.swift */,
				B67C26BC05FAC61E34130E65AE308ECB /* BackgroundView.swift */,
				60F4E2286FCBCCB712F8DB007B559FFE /* GenderCardView.swift */,
				70CD0A2F00EDD56372C49D33790228EB /* MainButton.swift */,
				A578EF4523E1CEA300176F2A /* UINavigationController+Extension.swift */,
				A584768923EAF8A600341058 /* NavigationMaskingView.swift */,
			);
			path = Common;
			sourceTree = "<group>";
		};
		A250D367CCC8C95FE431D9E52CAA331D /* Ahobsu */ = {
			isa = PBXGroup;
			children = (
				568E177EC003E48646C8E36071191FEF /* AppLifeCycles */,
				14FAD5B054B1379CC7373F5DAC8E6FDD /* Model */,
				6DC8FB8D69543F8D1CCD22185EBFC0B4 /* MotiViews */,
				CEE4D77D1F9972D987DC8CF22F47216D /* Networking */,
				C27E00B235EE98C2DD84FFBB365FE2C3 /* Preview Content */,
				EDD3FADC122148DB4A77F0E30EEAFA50 /* Resource */,
				E42EA4060DBD550302CE3534D1AAE1D7 /* SupportingFiles */,
				4DD3DE9138430832870090EA6B4EC95E /* Ahobsu.entitlements */,
				FF2BFAEC7FF8A951992734590D2B7103 /* ContentView.swift */,
				E43C473F274655F06AC8950953A0EB4C /* UIColor+Extension.swift */,
			);
			path = Ahobsu;
			sourceTree = "<group>";
		};
		A6DAAB51AAC8B9343FFACC94F12FC6F7 /* MyPage */ = {
			isa = PBXGroup;
			children = (
				D277F7B0CAE93B58CE7675B5D9908414 /* DateField.swift */,
				6B25912115DF9A2EE38602845E13D25E /* GenderField.swift */,
				DE7B85ECC1CAEE2115922197DC6574CF /* MyPageEdit.swift */,
				57DC86F7404D170F5C4DFCE64D577486 /* MyPageEditView.swift */,
				325ECEFD110C2D4B736E40E5CC28CA39 /* MyPageView.swift */,
				A5D7621F23E537FE008AA3D5 /* MyPageViewModel.swift */,
				A578EF4B23E1EE8400176F2A /* MailCompose.swift */,
				A578EF4723E1D17C00176F2A /* AppVersion.swift */,
			);
			path = MyPage;
			sourceTree = "<group>";
		};
		B8833F95E768E819E4F8D0D22A1EB3FB /* Recovered References */ = {
			isa = PBXGroup;
			children = (
			);
			name = "Recovered References";
			sourceTree = "<group>";
		};
		BF13CD4DB3E3C96C0A9006F517893B60 = {
			isa = PBXGroup;
			children = (
				A250D367CCC8C95FE431D9E52CAA331D /* Ahobsu */,
				8AEDA2C88CB721AE4BDEE232FCB84740 /* Frameworks */,
				808AD775A1258F6539D357758F0C5D1D /* Pods */,
				66B06056EC6306CB95E43D55EBB54D56 /* Products */,
				B8833F95E768E819E4F8D0D22A1EB3FB /* Recovered References */,
			);
			sourceTree = "<group>";
		};
		C27E00B235EE98C2DD84FFBB365FE2C3 /* Preview Content */ = {
			isa = PBXGroup;
			children = (
				A5522BA54F90499741CB425243D12D45 /* Preview Assets.xcassets */,
			);
			path = "Preview Content";
			sourceTree = "<group>";
		};
		CE5C16BD2ECACC61B82357AC52C428DF /* SignIn */ = {
			isa = PBXGroup;
			children = (
				9F738AAA118AB7B39E4C8B4A725D843C /* SignInView.swift */,
				3E2089666AA18C82A56D827DBC68747F /* SignInWithApple.swift */,
				21028E6C7A9E457DA7D2AC3F90B21995 /* SignInWithAppleDelegates.swift */,
			);
			path = SignIn;
			sourceTree = "<group>";
		};
		CEE4D77D1F9972D987DC8CF22F47216D /* Networking */ = {
			isa = PBXGroup;
			children = (
				12A42B36DE69A8247AA28629FE121959 /* Keychain */,
				E512B42F8AF9D0419A17022C4C3F2BEE /* Networking+Combine */,
				7EC9B19E49698A9ED487734E855D7462 /* Service */,
				0A5097B3D4A3599932610119E0FEA95A /* TokenManager */,
				F6604388EE3BAD2E422FACA60EF1E4B2 /* AhobsuAPI.swift */,
				65FC12FC50520F836F645BDBCD11824A /* AhobsuAPIConfig.swift */,
				41059AB509DA80DB01EDA562BC0360B1 /* AhobsuProvider.swift */,
				627D69417FFDB9370F8C58945F570844 /* Networking.swift */,
			);
			path = Networking;
			sourceTree = "<group>";
		};
		E42EA4060DBD550302CE3534D1AAE1D7 /* SupportingFiles */ = {
			isa = PBXGroup;
			children = (
				9A1F8CD740348BE97C508C37D55A3BE5 /* Info.plist */,
				442439CA50BE34489091510E78EB6EC5 /* LaunchScreen.storyboard */,
			);
			path = SupportingFiles;
			sourceTree = "<group>";
		};
		E512B42F8AF9D0419A17022C4C3F2BEE /* Networking+Combine */ = {
			isa = PBXGroup;
			children = (
				44C3393C55B6B8DEB39296B1AE0450CC /* MoyaPublisher.swift */,
			);
			path = "Networking+Combine";
			sourceTree = "<group>";
		};
		E56D06BB973F94DB4C32E79058C4262A /* SelectQuestion */ = {
			isa = PBXGroup;
			children = (
				6F70C294A51BFE043BBAABC4B3818F06 /* QuestionCardView.swift */,
			);
			path = SelectQuestion;
			sourceTree = "<group>";
		};
		E782ED08BC8F351DC32F11E3D3D002EF /* AnswerComplete */ = {
			isa = PBXGroup;
			children = (
				FA75AC1523D087E1001B04B6 /* AnswerCompleteCardView.swift */,
				F8889A44037417D9CC2CB812C85AD27E /* AnswerCompletePageControl.swift */,
				745BF09A80BF76150D826047C5B01DAF /* AnswerCompleteView.swift */,
				7D91FE8AB6F7FD7FFAE5B1281C899873 /* AnswerComplete_Camera.swift */,
				DABCC1502F5B0A02023F0477DDC62377 /* AnswerComplete_Common.swift */,
				8D0D8E18C480767F6A1DA9F9A6D9A5C1 /* AnswerComplete_Essay.swift */,
				4D7F185812FE84CA6888427A57E40DDF /* AnswerComplete_EssayCamera.swift */,
				1FBF829C4542B7CF5676CC37E1CA2A75 /* PageViewController.swift */,
			);
			name = AnswerComplete;
			path = Ahobsu/MotiViews/AnswerComplete;
			sourceTree = SOURCE_ROOT;
		};
		EDD3FADC122148DB4A77F0E30EEAFA50 /* Resource */ = {
			isa = PBXGroup;
			children = (
				FAB0F05A23E0316D00336EA5 /* Fonts */,
				33B381A7D849809F928F2EE7082BD6A3 /* Assets.xcassets */,
			);
			path = Resource;
			sourceTree = "<group>";
		};
		FAB0F05723DFF0CA00336EA5 /* Album */ = {
			isa = PBXGroup;
			children = (
				FAB0F05823DFF0DA00336EA5 /* AlbumView.swift */,
			);
			path = Album;
			sourceTree = "<group>";
		};
		FAB0F05A23E0316D00336EA5 /* Fonts */ = {
			isa = PBXGroup;
			children = (
				FAB0F08023E0324C00336EA5 /* IropkeBatangM */,
				FAB0F05B23E0318400336EA5 /* TTNorms */,
			);
			path = Fonts;
			sourceTree = "<group>";
		};
		FAB0F05B23E0318400336EA5 /* TTNorms */ = {
			isa = PBXGroup;
			children = (
				FAB0F05C23E0318400336EA5 /* TTNorms-ExtraBold.otf */,
				FAB0F05D23E0318400336EA5 /* TTNorms-ExtraBoldItalic.otf */,
				FAB0F05E23E0318400336EA5 /* TTNorms-LightItalic.otf */,
				FAB0F05F23E0318400336EA5 /* TTNorms-HeavyItalic.otf */,
				FAB0F06023E0318400336EA5 /* TTNorms-Black.otf */,
				FAB0F06123E0318400336EA5 /* TTNorms-BlackItalic.otf */,
				FAB0F06223E0318400336EA5 /* TTNorms-BoldItalic.otf */,
				FAB0F06323E0318400336EA5 /* TTNorms-Bold.otf */,
				FAB0F06423E0318400336EA5 /* TTNorms-MediumItalic.otf */,
				FAB0F06523E0318400336EA5 /* TTNorms-ExtraLight.otf */,
				FAB0F06623E0318400336EA5 /* TTNorms-Regular.otf */,
				FAB0F06723E0318400336EA5 /* TTNorms-Medium.otf */,
				FAB0F06823E0318400336EA5 /* TTNorms-ThinItalic.otf */,
				FAB0F06923E0318400336EA5 /* TTNorms-Thin.otf */,
				FAB0F06A23E0318400336EA5 /* TTNorms-Italic.otf */,
				FAB0F06B23E0318400336EA5 /* TTNorms-Heavy.otf */,
				FAB0F06C23E0318400336EA5 /* TTNorms-ExtraLightItalic.otf */,
				FAB0F06D23E0318400336EA5 /* TTNorms-Light.otf */,
			);
			path = TTNorms;
			sourceTree = "<group>";
		};
		FAB0F08023E0324C00336EA5 /* IropkeBatangM */ = {
			isa = PBXGroup;
			children = (
				FAB0F08123E0325D00336EA5 /* IropkeBatangM.otf */,
			);
			path = IropkeBatangM;
			sourceTree = "<group>";
		};
		FAB0F08323E08FFA00336EA5 /* OnBording */ = {
			isa = PBXGroup;
			children = (
				FAB0F08423E0901900336EA5 /* OnBordingPageControl.swift */,
				FAB0F08623E0902D00336EA5 /* OnBordingPageViewController.swift */,
				FAB0F08823E090BF00336EA5 /* OnBordingView.swift */,
				FAB0F08A23E0910300336EA5 /* OnBordingCardView.swift */,
			);
			path = OnBording;
			sourceTree = "<group>";
		};
/* End PBXGroup section */

/* Begin PBXNativeTarget section */
		4E7EA0F79A1DA7C88EE130EF142163E1 /* Ahobsu */ = {
			isa = PBXNativeTarget;
			buildConfigurationList = 664E1020637360D6BFCE7533F1A0C351 /* Build configuration list for PBXNativeTarget "Ahobsu" */;
			buildPhases = (
				9A4B74D6A6847D4F4E37800781393737 /* [CP] Check Pods Manifest.lock */,
				D4313117CF8BEE3B814064544DE21499 /* SwiftLint AutoCorrect */,
				9FD54A6C1858EDB6CD735751C15700F1 /* SwiftLint */,
				B54ED29C05F8A79A24CCE41D0BD0EC17 /* Xunique */,
				EBB2A7C126D31D45C446FDBBE957F831 /* Sources */,
				19FD234B22B92982AF3D7DA637CF773B /* Frameworks */,
				4FA568E03DF54AAAD06064182D618C81 /* Resources */,
				21DF4C65FF65ECCEB7D801FCC5BA6251 /* [CP] Embed Pods Frameworks */,
			);
			buildRules = (
			);
			dependencies = (
			);
			name = Ahobsu;
			productName = Ahobsu;
			productReference = B8E4CC0B7379D25F5D9717CE42858EDF /* Ahobsu.app */;
			productType = "com.apple.product-type.application";
		};
/* End PBXNativeTarget section */

/* Begin PBXProject section */
		83359751FA69E37FDD96344B6366BD34 /* Project object */ = {
			isa = PBXProject;
			attributes = {
				LastSwiftUpdateCheck = 1120;
				LastUpgradeCheck = 1120;
				ORGANIZATIONNAME = ahobsu;
				TargetAttributes = {
					4E7EA0F79A1DA7C88EE130EF142163E1 = {
						CreatedOnToolsVersion = 11.2;
					};
				};
			};
			buildConfigurationList = F8E17EFD124FED810A2BA92A78E2A4A6 /* Build configuration list for PBXProject "Ahobsu" */;
			compatibilityVersion = "Xcode 9.3";
			developmentRegion = en;
			hasScannedForEncodings = 0;
			knownRegions = (
				en,
				Base,
			);
			mainGroup = BF13CD4DB3E3C96C0A9006F517893B60;
			productRefGroup = 66B06056EC6306CB95E43D55EBB54D56 /* Products */;
			projectDirPath = "";
			projectRoot = "";
			targets = (
				4E7EA0F79A1DA7C88EE130EF142163E1 /* Ahobsu */,
			);
		};
/* End PBXProject section */

/* Begin PBXResourcesBuildPhase section */
		4FA568E03DF54AAAD06064182D618C81 /* Resources */ = {
			isa = PBXResourcesBuildPhase;
			buildActionMask = 2147483647;
			files = (
				FAB0F07A23E0318400336EA5 /* TTNorms-ThinItalic.otf in Resources */,
				FAB0F07423E0318400336EA5 /* TTNorms-BoldItalic.otf in Resources */,
				FAB0F07023E0318400336EA5 /* TTNorms-LightItalic.otf in Resources */,
				FAB0F07C23E0318400336EA5 /* TTNorms-Italic.otf in Resources */,
				FAB0F08223E0325D00336EA5 /* IropkeBatangM.otf in Resources */,
				FAB0F07623E0318400336EA5 /* TTNorms-MediumItalic.otf in Resources */,
				FAB0F07323E0318400336EA5 /* TTNorms-BlackItalic.otf in Resources */,
				FAB0F07923E0318400336EA5 /* TTNorms-Medium.otf in Resources */,
				A01F75F6E1F1F9043B1CDB3306F55148 /* Assets.xcassets in Resources */,
				FAB0F07723E0318400336EA5 /* TTNorms-ExtraLight.otf in Resources */,
				FAB0F07E23E0318400336EA5 /* TTNorms-ExtraLightItalic.otf in Resources */,
				FAB0F07B23E0318400336EA5 /* TTNorms-Thin.otf in Resources */,
				FAB0F06F23E0318400336EA5 /* TTNorms-ExtraBoldItalic.otf in Resources */,
				FAB0F07D23E0318400336EA5 /* TTNorms-Heavy.otf in Resources */,
				FAB0F07223E0318400336EA5 /* TTNorms-Black.otf in Resources */,
				FAB0F07823E0318400336EA5 /* TTNorms-Regular.otf in Resources */,
				FAB0F07523E0318400336EA5 /* TTNorms-Bold.otf in Resources */,
				FAB0F07123E0318400336EA5 /* TTNorms-HeavyItalic.otf in Resources */,
				FAB0F06E23E0318400336EA5 /* TTNorms-ExtraBold.otf in Resources */,
				FAB0F07F23E0318400336EA5 /* TTNorms-Light.otf in Resources */,
			);
			runOnlyForDeploymentPostprocessing = 0;
		};
/* End PBXResourcesBuildPhase section */

/* Begin PBXShellScriptBuildPhase section */
		21DF4C65FF65ECCEB7D801FCC5BA6251 /* [CP] Embed Pods Frameworks */ = {
			isa = PBXShellScriptBuildPhase;
			buildActionMask = 2147483647;
			files = (
			);
			inputFileListPaths = (
				"${PODS_ROOT}/Target Support Files/Pods-Ahobsu/Pods-Ahobsu-frameworks-${CONFIGURATION}-input-files.xcfilelist",
			);
			name = "[CP] Embed Pods Frameworks";
			outputFileListPaths = (
				"${PODS_ROOT}/Target Support Files/Pods-Ahobsu/Pods-Ahobsu-frameworks-${CONFIGURATION}-output-files.xcfilelist",
			);
			runOnlyForDeploymentPostprocessing = 0;
			shellPath = /bin/sh;
			shellScript = "\"${PODS_ROOT}/Target Support Files/Pods-Ahobsu/Pods-Ahobsu-frameworks.sh\"\n";
			showEnvVarsInLog = 0;
		};
		9A4B74D6A6847D4F4E37800781393737 /* [CP] Check Pods Manifest.lock */ = {
			isa = PBXShellScriptBuildPhase;
			buildActionMask = 2147483647;
			files = (
			);
			inputFileListPaths = (
			);
			inputPaths = (
				"${PODS_PODFILE_DIR_PATH}/Podfile.lock",
				"${PODS_ROOT}/Manifest.lock",
			);
			name = "[CP] Check Pods Manifest.lock";
			outputFileListPaths = (
			);
			outputPaths = (
				"$(DERIVED_FILE_DIR)/Pods-Ahobsu-checkManifestLockResult.txt",
			);
			runOnlyForDeploymentPostprocessing = 0;
			shellPath = /bin/sh;
			shellScript = "diff \"${PODS_PODFILE_DIR_PATH}/Podfile.lock\" \"${PODS_ROOT}/Manifest.lock\" > /dev/null\nif [ $? != 0 ] ; then\n    # print error to STDERR\n    echo \"error: The sandbox is not in sync with the Podfile.lock. Run 'pod install' or update your CocoaPods installation.\" >&2\n    exit 1\nfi\n# This output is used by Xcode 'outputs' to avoid re-running this script phase.\necho \"SUCCESS\" > \"${SCRIPT_OUTPUT_FILE_0}\"\n";
			showEnvVarsInLog = 0;
		};
		9FD54A6C1858EDB6CD735751C15700F1 /* SwiftLint */ = {
			isa = PBXShellScriptBuildPhase;
			buildActionMask = 2147483647;
			files = (
			);
			inputFileListPaths = (
			);
			inputPaths = (
			);
			name = SwiftLint;
			outputFileListPaths = (
			);
			outputPaths = (
			);
			runOnlyForDeploymentPostprocessing = 0;
			shellPath = /bin/sh;
			shellScript = "#if which swiftlint >/dev/null; then\n#  swiftlint\n#else\n#  echo \"warning: SwiftLint not installed, download from https://github.com/realm/SwiftLint\"\n#fi\n";
		};
		B54ED29C05F8A79A24CCE41D0BD0EC17 /* Xunique */ = {
			isa = PBXShellScriptBuildPhase;
			buildActionMask = 2147483647;
			files = (
			);
			inputFileListPaths = (
			);
			inputPaths = (
			);
			name = Xunique;
			outputFileListPaths = (
			);
			outputPaths = (
			);
			runOnlyForDeploymentPostprocessing = 0;
			shellPath = /bin/sh;
			shellScript = "# sh $SRCROOT/xuniqerun.sh\n";
		};
		D4313117CF8BEE3B814064544DE21499 /* SwiftLint AutoCorrect */ = {
			isa = PBXShellScriptBuildPhase;
			buildActionMask = 2147483647;
			files = (
			);
			inputFileListPaths = (
			);
			inputPaths = (
			);
			name = "SwiftLint AutoCorrect";
			outputFileListPaths = (
			);
			outputPaths = (
			);
			runOnlyForDeploymentPostprocessing = 0;
			shellPath = /bin/sh;
			shellScript = "#if which swiftlint >/dev/null; then\n#swiftlint autocorrect\n#else\n#echo \"warning: SwiftLint not installed, download from https://github.com/realm/SwiftLint\"\n#fi\n";
		};
/* End PBXShellScriptBuildPhase section */

/* Begin PBXSourcesBuildPhase section */
		EBB2A7C126D31D45C446FDBBE957F831 /* Sources */ = {
			isa = PBXSourcesBuildPhase;
			buildActionMask = 2147483647;
			files = (
				A584768823EAE10600341058 /* WebView.swift in Sources */,
				549FCCECAA918667E1EC72B0793D05BB /* AhobsuAPI.swift in Sources */,
				38390EE92CA3042159C07B381F522900 /* AhobsuAPIConfig.swift in Sources */,
				08952E7F3061C2AC361F20FCFA8C7366 /* AhobsuProvider.swift in Sources */,
				575E67A823E1AD0400B2C300 /* AnswerInsertCamaraView.swift in Sources */,
				6E5D6BFE4E62C3D82B3E94BDD172B1D5 /* AnswerCompletePageControl.swift in Sources */,
				A2C34900D1D32F3C1EDB3BEE4F87CE98 /* AnswerCompleteView.swift in Sources */,
				FA26A10F23E4BAFD009D668D /* APIData.swift in Sources */,
				A578EF4C23E1EE8400176F2A /* MailCompose.swift in Sources */,
				F992A803DA9ACA785F26B3E2B96F712F /* AnswerComplete_Camera.swift in Sources */,
				6C9386481CC157985B897ABD17731F6A /* AnswerComplete_Common.swift in Sources */,
				FAB0F08D23E0913E00336EA5 /* OnBordingModel.swift in Sources */,
				9AA429A6321D6C2150F8CC0A591FBE2B /* AnswerComplete_Essay.swift in Sources */,
				37EB7E085617313B840B8ACEDB65B03A /* AnswerComplete_EssayCamera.swift in Sources */,
				93AFCE3FFF42F06B6555F90947C8B84C /* AnswerCameraView.swift in Sources */,
				3D5C9E6DEE7280FA647831FAB1EB9EA4 /* AnswerInsertEssayView.swift in Sources */,
				7E3455A7569DCD0CC3486CD80B5A52BF /* AppDelegate.swift in Sources */,
				FA75AC1423D08640001B04B6 /* AnswerCompleteModel.swift in Sources */,
				AE595CCE9C0DC654432BD86D1A0E6A10 /* BackgroundView.swift in Sources */,
				376FF994D287FEBC1F90A9013C74DFB0 /* ContentView.swift in Sources */,
				28F77E6C503B96E5C0FB03B69FEAE13D /* DateField.swift in Sources */,
				FAB0F08723E0902D00336EA5 /* OnBordingPageViewController.swift in Sources */,
				C0AB952309FE16A5A9D7DDF773C786C9 /* DayWeekView.swift in Sources */,
				BC9D2D84230ACE29C410531F7F0B0D49 /* GenderCardView.swift in Sources */,
				FA26A11723E4ED0B009D668D /* AnswerWeek.swift in Sources */,
				CF92B5DC5BDED7ED70B3C2A30AB05487 /* GenderField.swift in Sources */,
				D27F7AB43FFD7B95A6CBD756C455CC66 /* Keyboard.swift in Sources */,
				A5D7622023E537FE008AA3D5 /* MyPageViewModel.swift in Sources */,
				FAB0F08923E090BF00336EA5 /* OnBordingView.swift in Sources */,
				94BB90EFFCA20D44F07066103745BC6E /* Keychain.swift in Sources */,
				4C38AADB8864B5779664C9FD312D0FC5 /* MainButton.swift in Sources */,
				23CC565B3F399647ED41AD1DBFEA5A9E /* MainCardView.swift in Sources */,
				25B0792F91D854E92A9F9474D1EBE306 /* MainView.swift in Sources */,
				5B83C300AB70327D0A91226820F152B0 /* Mission.swift in Sources */,
				627BE14BB95E526E7D91939CBF74D995 /* MissionData.swift in Sources */,
				A5D7621E23E48365008AA3D5 /* AnswerQuestion.swift in Sources */,
				D67F8AFE72DBF9BA11A5B6EBD3E20E15 /* MissionService.swift in Sources */,
				AAE5855F0334B2FF1179F4F91A4E7E96 /* MotiView.swift in Sources */,
				586FB77BA264696BB773A59004C8B46C /* MoyaPublisher.swift in Sources */,
				FAB0F08B23E0910300336EA5 /* OnBordingCardView.swift in Sources */,
				377D0EC362AEA71B21629AEA8798BEFD /* MyPageEdit.swift in Sources */,
				8F3D759C5F892A8F9E4045CD74A7115D /* MyPageEditView.swift in Sources */,
				34DAE4F0F8EB836107D9C7645622267D /* MyPageView.swift in Sources */,
				6DB5C050502688D046EB67A882CDF2E1 /* Networking.swift in Sources */,
				DE8BDF24DD809376B8A04E8077644099 /* PageControl.swift in Sources */,
				33058E266D0E2E8F25C9D923FE3D96BA /* PageViewController.swift in Sources */,
				AA9063282AF6461A3655EB680460CA5B /* QuestionCardView.swift in Sources */,
				8C3EAD1C31AF6F5C03C56E1277F6D0CA /* QuestionCellView.swift in Sources */,
				165392407EB7A49B42869C37B8D7CE37 /* SceneDelegate.swift in Sources */,
				FAB0F08523E0901900336EA5 /* OnBordingPageControl.swift in Sources */,
				575E67AA23E1B66000B2C300 /* ImagePicker.swift in Sources */,
				FA75AC1623D087E1001B04B6 /* AnswerCompleteCardView.swift in Sources */,
				FA26A11523E4DEE4009D668D /* Answer.swift in Sources */,
				25D0017AA1CE29EE896C85FFD9F6F54C /* SelectQuestionView.swift in Sources */,
				DC92FAAC92374479E5721EA54CFE0D6C /* SignInView.swift in Sources */,
				C986522E598DB7AB70378B9B64F8F0C8 /* SignInWithApple.swift in Sources */,
				6675DA914AB268309BC9390ED0487711 /* SignInWithAppleDelegates.swift in Sources */,
				A578EF4823E1D17C00176F2A /* AppVersion.swift in Sources */,
				B73773F77586E4FA7DF3C1F2FFE8CB3B /* SignUp.swift in Sources */,
				A584768A23EAF8A600341058 /* NavigationMaskingView.swift in Sources */,
				12FE70886D975E99EF3971A9CB8B5D01 /* SignUpBirthdateView.swift in Sources */,
				F2BB15916706F46A836A63EFEED6FAAA /* SignUpCompleteView.swift in Sources */,
				F82975B7D3C88179EF53D00EBDF8AFD6 /* SignUpFormView.swift in Sources */,
				A578EF4623E1CEA300176F2A /* UINavigationController+Extension.swift in Sources */,
				50E398FC582C8CCBF915F379061EBB20 /* SignUpGenderView.swift in Sources */,
				FA26A11123E4CB99009D668D /* Token.swift in Sources */,
				090C72070F123EA33ED3983F38E7163C /* SignUpNickNameView.swift in Sources */,
				AB4B8A1BFEB71E1EFCAF0DDB58F6B4E1 /* SplashView.swift in Sources */,
				FAB0F05923DFF0DA00336EA5 /* AlbumView.swift in Sources */,
				0F707EE436F21924111B5FF45CDAAD44 /* SwiftUIPagerView.swift in Sources */,
				15AD2A3428A964E06123B27D66DF196C /* TokenManager.swift in Sources */,
				E52E2EF04CD8A0F71EAF572073C16F06 /* UIColor+Extension.swift in Sources */,
				A648DF3461539354CC185908E911E614 /* User.swift in Sources */,
				51C1E6BC05D480FADB300114CA70D5FF /* WeekDayCellView.swift in Sources */,
			);
			runOnlyForDeploymentPostprocessing = 0;
		};
/* End PBXSourcesBuildPhase section */

/* Begin PBXVariantGroup section */
		442439CA50BE34489091510E78EB6EC5 /* LaunchScreen.storyboard */ = {
			isa = PBXVariantGroup;
			children = (
				89547C729FE9693E0BC39DFB3A317506 /* Base */,
			);
			name = LaunchScreen.storyboard;
			sourceTree = "<group>";
		};
/* End PBXVariantGroup section */

/* Begin XCBuildConfiguration section */
		07864B81A2E64EE66E994A3DBC729A41 /* Debug */ = {
			isa = XCBuildConfiguration;
			baseConfigurationReference = 5B13E28C770E8380BE074D49155B5613 /* Pods-Ahobsu.debug.xcconfig */;
			buildSettings = {
				ASSETCATALOG_COMPILER_APPICON_NAME = AppIcon;
				CODE_SIGN_ENTITLEMENTS = Ahobsu/Ahobsu.entitlements;
				CODE_SIGN_IDENTITY = "iPhone Developer";
				CODE_SIGN_STYLE = Manual;
				DEVELOPMENT_ASSET_PATHS = "\"Ahobsu/Preview Content\"";
				DEVELOPMENT_TEAM = 4Y9G8Z76XC;
				ENABLE_PREVIEWS = YES;
				INFOPLIST_FILE = "$(SRCROOT)/Ahobsu/SupportingFiles/Info.plist";
				IPHONEOS_DEPLOYMENT_TARGET = 13.0;
				LD_RUNPATH_SEARCH_PATHS = (
					"$(inherited)",
					"@executable_path/Frameworks",
				);
				PRODUCT_BUNDLE_IDENTIFIER = com.mashup.ahobsu.Ahobsu;
				PRODUCT_NAME = "$(TARGET_NAME)";
				PROVISIONING_PROFILE_SPECIFIER = AhobsuDevelopment;
				SWIFT_VERSION = 5.0;
				TARGETED_DEVICE_FAMILY = 1;
			};
			name = Debug;
		};
		2956B03881800781D1D4ED439393ED67 /* Release */ = {
			isa = XCBuildConfiguration;
			buildSettings = {
				ALWAYS_SEARCH_USER_PATHS = NO;
				CLANG_ANALYZER_NONNULL = YES;
				CLANG_ANALYZER_NUMBER_OBJECT_CONVERSION = YES_AGGRESSIVE;
				CLANG_CXX_LANGUAGE_STANDARD = "gnu++14";
				CLANG_CXX_LIBRARY = "libc++";
				CLANG_ENABLE_MODULES = YES;
				CLANG_ENABLE_OBJC_ARC = YES;
				CLANG_ENABLE_OBJC_WEAK = YES;
				CLANG_WARN_BLOCK_CAPTURE_AUTORELEASING = YES;
				CLANG_WARN_BOOL_CONVERSION = YES;
				CLANG_WARN_COMMA = YES;
				CLANG_WARN_CONSTANT_CONVERSION = YES;
				CLANG_WARN_DEPRECATED_OBJC_IMPLEMENTATIONS = YES;
				CLANG_WARN_DIRECT_OBJC_ISA_USAGE = YES_ERROR;
				CLANG_WARN_DOCUMENTATION_COMMENTS = YES;
				CLANG_WARN_EMPTY_BODY = YES;
				CLANG_WARN_ENUM_CONVERSION = YES;
				CLANG_WARN_INFINITE_RECURSION = YES;
				CLANG_WARN_INT_CONVERSION = YES;
				CLANG_WARN_NON_LITERAL_NULL_CONVERSION = YES;
				CLANG_WARN_OBJC_IMPLICIT_RETAIN_SELF = YES;
				CLANG_WARN_OBJC_LITERAL_CONVERSION = YES;
				CLANG_WARN_OBJC_ROOT_CLASS = YES_ERROR;
				CLANG_WARN_RANGE_LOOP_ANALYSIS = YES;
				CLANG_WARN_STRICT_PROTOTYPES = YES;
				CLANG_WARN_SUSPICIOUS_MOVE = YES;
				CLANG_WARN_UNGUARDED_AVAILABILITY = YES_AGGRESSIVE;
				CLANG_WARN_UNREACHABLE_CODE = YES;
				CLANG_WARN__DUPLICATE_METHOD_MATCH = YES;
				COPY_PHASE_STRIP = NO;
				DEBUG_INFORMATION_FORMAT = "dwarf-with-dsym";
				ENABLE_NS_ASSERTIONS = NO;
				ENABLE_STRICT_OBJC_MSGSEND = YES;
				GCC_C_LANGUAGE_STANDARD = gnu11;
				GCC_NO_COMMON_BLOCKS = YES;
				GCC_WARN_64_TO_32_BIT_CONVERSION = YES;
				GCC_WARN_ABOUT_RETURN_TYPE = YES_ERROR;
				GCC_WARN_UNDECLARED_SELECTOR = YES;
				GCC_WARN_UNINITIALIZED_AUTOS = YES_AGGRESSIVE;
				GCC_WARN_UNUSED_FUNCTION = YES;
				GCC_WARN_UNUSED_VARIABLE = YES;
				IPHONEOS_DEPLOYMENT_TARGET = 13.2;
				MTL_ENABLE_DEBUG_INFO = NO;
				MTL_FAST_MATH = YES;
				SDKROOT = iphoneos;
				SWIFT_COMPILATION_MODE = wholemodule;
				SWIFT_OPTIMIZATION_LEVEL = "-O";
				VALIDATE_PRODUCT = YES;
			};
			name = Release;
		};
		46FCEB994FFE015F44BA6A495F78F181 /* Debug */ = {
			isa = XCBuildConfiguration;
			buildSettings = {
				ALWAYS_SEARCH_USER_PATHS = NO;
				CLANG_ANALYZER_NONNULL = YES;
				CLANG_ANALYZER_NUMBER_OBJECT_CONVERSION = YES_AGGRESSIVE;
				CLANG_CXX_LANGUAGE_STANDARD = "gnu++14";
				CLANG_CXX_LIBRARY = "libc++";
				CLANG_ENABLE_MODULES = YES;
				CLANG_ENABLE_OBJC_ARC = YES;
				CLANG_ENABLE_OBJC_WEAK = YES;
				CLANG_WARN_BLOCK_CAPTURE_AUTORELEASING = YES;
				CLANG_WARN_BOOL_CONVERSION = YES;
				CLANG_WARN_COMMA = YES;
				CLANG_WARN_CONSTANT_CONVERSION = YES;
				CLANG_WARN_DEPRECATED_OBJC_IMPLEMENTATIONS = YES;
				CLANG_WARN_DIRECT_OBJC_ISA_USAGE = YES_ERROR;
				CLANG_WARN_DOCUMENTATION_COMMENTS = YES;
				CLANG_WARN_EMPTY_BODY = YES;
				CLANG_WARN_ENUM_CONVERSION = YES;
				CLANG_WARN_INFINITE_RECURSION = YES;
				CLANG_WARN_INT_CONVERSION = YES;
				CLANG_WARN_NON_LITERAL_NULL_CONVERSION = YES;
				CLANG_WARN_OBJC_IMPLICIT_RETAIN_SELF = YES;
				CLANG_WARN_OBJC_LITERAL_CONVERSION = YES;
				CLANG_WARN_OBJC_ROOT_CLASS = YES_ERROR;
				CLANG_WARN_RANGE_LOOP_ANALYSIS = YES;
				CLANG_WARN_STRICT_PROTOTYPES = YES;
				CLANG_WARN_SUSPICIOUS_MOVE = YES;
				CLANG_WARN_UNGUARDED_AVAILABILITY = YES_AGGRESSIVE;
				CLANG_WARN_UNREACHABLE_CODE = YES;
				CLANG_WARN__DUPLICATE_METHOD_MATCH = YES;
				COPY_PHASE_STRIP = NO;
				DEBUG_INFORMATION_FORMAT = dwarf;
				ENABLE_STRICT_OBJC_MSGSEND = YES;
				ENABLE_TESTABILITY = YES;
				GCC_C_LANGUAGE_STANDARD = gnu11;
				GCC_DYNAMIC_NO_PIC = NO;
				GCC_NO_COMMON_BLOCKS = YES;
				GCC_OPTIMIZATION_LEVEL = 0;
				GCC_PREPROCESSOR_DEFINITIONS = (
					"DEBUG=1",
					"$(inherited)",
				);
				GCC_WARN_64_TO_32_BIT_CONVERSION = YES;
				GCC_WARN_ABOUT_RETURN_TYPE = YES_ERROR;
				GCC_WARN_UNDECLARED_SELECTOR = YES;
				GCC_WARN_UNINITIALIZED_AUTOS = YES_AGGRESSIVE;
				GCC_WARN_UNUSED_FUNCTION = YES;
				GCC_WARN_UNUSED_VARIABLE = YES;
				IPHONEOS_DEPLOYMENT_TARGET = 13.2;
				MTL_ENABLE_DEBUG_INFO = INCLUDE_SOURCE;
				MTL_FAST_MATH = YES;
				ONLY_ACTIVE_ARCH = YES;
				SDKROOT = iphoneos;
				SWIFT_ACTIVE_COMPILATION_CONDITIONS = DEBUG;
				SWIFT_OPTIMIZATION_LEVEL = "-Onone";
			};
			name = Debug;
		};
		E23A6B7539C49CEDE5B102D04BB5DE2D /* Release */ = {
			isa = XCBuildConfiguration;
			baseConfigurationReference = E73EA17769B99BE87F2196F43866386B /* Pods-Ahobsu.release.xcconfig */;
			buildSettings = {
				ASSETCATALOG_COMPILER_APPICON_NAME = AppIcon;
				CODE_SIGN_ENTITLEMENTS = Ahobsu/Ahobsu.entitlements;
				CODE_SIGN_IDENTITY = "iPhone Developer";
				CODE_SIGN_STYLE = Manual;
				DEVELOPMENT_ASSET_PATHS = "\"Ahobsu/Preview Content\"";
				DEVELOPMENT_TEAM = 4Y9G8Z76XC;
				ENABLE_PREVIEWS = YES;
				INFOPLIST_FILE = "$(SRCROOT)/Ahobsu/SupportingFiles/Info.plist";
				IPHONEOS_DEPLOYMENT_TARGET = 13.0;
				LD_RUNPATH_SEARCH_PATHS = (
					"$(inherited)",
					"@executable_path/Frameworks",
				);
				PRODUCT_BUNDLE_IDENTIFIER = com.mashup.ahobsu.Ahobsu;
				PRODUCT_NAME = "$(TARGET_NAME)";
				PROVISIONING_PROFILE_SPECIFIER = AhobsuDevelopment;
				SWIFT_VERSION = 5.0;
				TARGETED_DEVICE_FAMILY = 1;
			};
			name = Release;
		};
/* End XCBuildConfiguration section */

/* Begin XCConfigurationList section */
		664E1020637360D6BFCE7533F1A0C351 /* Build configuration list for PBXNativeTarget "Ahobsu" */ = {
			isa = XCConfigurationList;
			buildConfigurations = (
				07864B81A2E64EE66E994A3DBC729A41 /* Debug */,
				E23A6B7539C49CEDE5B102D04BB5DE2D /* Release */,
			);
			defaultConfigurationIsVisible = 0;
			defaultConfigurationName = Release;
		};
		F8E17EFD124FED810A2BA92A78E2A4A6 /* Build configuration list for PBXProject "Ahobsu" */ = {
			isa = XCConfigurationList;
			buildConfigurations = (
				46FCEB994FFE015F44BA6A495F78F181 /* Debug */,
				2956B03881800781D1D4ED439393ED67 /* Release */,
			);
			defaultConfigurationIsVisible = 0;
			defaultConfigurationName = Release;
		};
/* End XCConfigurationList section */
	};
	rootObject = 83359751FA69E37FDD96344B6366BD34 /* Project object */;
}
